// !$*UTF8*$!
{
	archiveVersion = 1;
	classes = {
	};
	objectVersion = 46;
	objects = {

/* Begin PBXBuildFile section */
		3744C2661DB9E8FB004F40AD /* ZJACameraDataCenter.swift in Sources */ = {isa = PBXBuildFile; fileRef = 3744C2651DB9E8FB004F40AD /* ZJACameraDataCenter.swift */; };
		375E30FF1DF0475D00FAF03D /* ZJASKUAddPhotoHeaderView.swift in Sources */ = {isa = PBXBuildFile; fileRef = 375E30FE1DF0475D00FAF03D /* ZJASKUAddPhotoHeaderView.swift */; };
		375E31011DF0485200FAF03D /* ZJASKUTypeHeaderView.swift in Sources */ = {isa = PBXBuildFile; fileRef = 375E31001DF0485200FAF03D /* ZJASKUTypeHeaderView.swift */; };
		37BF23291DE55A5E00666B52 /* DJDebug.bundle in Resources */ = {isa = PBXBuildFile; fileRef = 37BF23281DE55A5E00666B52 /* DJDebug.bundle */; };
		37BF232D1DED820500666B52 /* ZJASKUAddTableView.swift in Sources */ = {isa = PBXBuildFile; fileRef = 37BF232C1DED820500666B52 /* ZJASKUAddTableView.swift */; };
		37BF23351DEDA43B00666B52 /* ZJAAddSKUController.swift in Sources */ = {isa = PBXBuildFile; fileRef = 37BF23341DEDA43B00666B52 /* ZJAAddSKUController.swift */; };
		37BF23371DEDA4F700666B52 /* ZJASKUAddCell.swift in Sources */ = {isa = PBXBuildFile; fileRef = 37BF23361DEDA4F700666B52 /* ZJASKUAddCell.swift */; };
		37BF233E1DEE6E1F00666B52 /* ZJASKUAddPhotoCell.swift in Sources */ = {isa = PBXBuildFile; fileRef = 37BF233D1DEE6E1F00666B52 /* ZJASKUAddPhotoCell.swift */; };
		37BF23421DEEA0AD00666B52 /* ZJASKUItemModel.swift in Sources */ = {isa = PBXBuildFile; fileRef = 37BF23411DEEA0AD00666B52 /* ZJASKUItemModel.swift */; };
		37BF23441DEEA69500666B52 /* ZJASKUDataCenter.swift in Sources */ = {isa = PBXBuildFile; fileRef = 37BF23431DEEA69500666B52 /* ZJASKUDataCenter.swift */; };
		37BF23461DEFF6CD00666B52 /* ZJASKUAddButtonCell.swift in Sources */ = {isa = PBXBuildFile; fileRef = 37BF23451DEFF6CD00666B52 /* ZJASKUAddButtonCell.swift */; };
		37BF23481DF0005900666B52 /* ZJASKUTypeViewCell.swift in Sources */ = {isa = PBXBuildFile; fileRef = 37BF23471DF0005900666B52 /* ZJASKUTypeViewCell.swift */; };
		37BF234A1DF002B700666B52 /* ZJASKUTypeCollectionCell.swift in Sources */ = {isa = PBXBuildFile; fileRef = 37BF23491DF002B700666B52 /* ZJASKUTypeCollectionCell.swift */; };
		37D68EEC1DB4901200EFC185 /* ZJAYiGuiCollectionView.swift in Sources */ = {isa = PBXBuildFile; fileRef = 37D68EEB1DB4901200EFC185 /* ZJAYiGuiCollectionView.swift */; };
		37D68EF51DB5F98A00EFC185 /* ZJACameraController.swift in Sources */ = {isa = PBXBuildFile; fileRef = 37D68EF41DB5F98A00EFC185 /* ZJACameraController.swift */; };
		37D68EF71DB611C100EFC185 /* ZJACameraActionView.swift in Sources */ = {isa = PBXBuildFile; fileRef = 37D68EF61DB611C100EFC185 /* ZJACameraActionView.swift */; };
		37D68EF91DB72FC800EFC185 /* ZJACameraEditController.swift in Sources */ = {isa = PBXBuildFile; fileRef = 37D68EF81DB72FC800EFC185 /* ZJACameraEditController.swift */; };
		37D68EFB1DB7301400EFC185 /* ZJACameraEditActionView.swift in Sources */ = {isa = PBXBuildFile; fileRef = 37D68EFA1DB7301400EFC185 /* ZJACameraEditActionView.swift */; };
		37D68EFE1DB796F000EFC185 /* ZJACameraManager.swift in Sources */ = {isa = PBXBuildFile; fileRef = 37D68EFD1DB796F000EFC185 /* ZJACameraManager.swift */; };
		3A609CB3A4FB262F8B273043 /* Pods_ZJArmoire.framework in Frameworks */ = {isa = PBXBuildFile; fileRef = B4011202FF407A2C6431B9F5 /* Pods_ZJArmoire.framework */; };
		CC13E64A1E54272000F86BC7 /* ZJAAddSKUViewModel.swift in Sources */ = {isa = PBXBuildFile; fileRef = CC13E6491E54272000F86BC7 /* ZJAAddSKUViewModel.swift */; };
		CC13E64C1E54282400F86BC7 /* ZJAEditSkuController.swift in Sources */ = {isa = PBXBuildFile; fileRef = CC13E64B1E54282400F86BC7 /* ZJAEditSkuController.swift */; };
		CC13E64E1E54316F00F86BC7 /* ZJASkuEditTableView.swift in Sources */ = {isa = PBXBuildFile; fileRef = CC13E64D1E54316F00F86BC7 /* ZJASkuEditTableView.swift */; };
		CC13E6501E54526700F86BC7 /* ZJAAddDapeiController.swift in Sources */ = {isa = PBXBuildFile; fileRef = CC13E64F1E54526700F86BC7 /* ZJAAddDapeiController.swift */; };
		CC13E6521E54533F00F86BC7 /* ZJAPhotoJointView.swift in Sources */ = {isa = PBXBuildFile; fileRef = CC13E6511E54533F00F86BC7 /* ZJAPhotoJointView.swift */; };
		CC26033B1DA4131B0090F916 /* HttpUtil.m in Sources */ = {isa = PBXBuildFile; fileRef = CC2603381DA4131B0090F916 /* HttpUtil.m */; };
		CC26033C1DA4131B0090F916 /* SignUtil.m in Sources */ = {isa = PBXBuildFile; fileRef = CC26033A1DA4131B0090F916 /* SignUtil.m */; };
		CC2EA8491E505B2300C62F1E /* ZJATableDapei.swift in Sources */ = {isa = PBXBuildFile; fileRef = CC2EA8481E505B2300C62F1E /* ZJATableDapei.swift */; };
		CC2EA84B1E505B4200C62F1E /* ZJATableDapei_Clothes.swift in Sources */ = {isa = PBXBuildFile; fileRef = CC2EA84A1E505B4200C62F1E /* ZJATableDapei_Clothes.swift */; };
		CC2EA84D1E52B27700C62F1E /* ZJAClothesModel.swift in Sources */ = {isa = PBXBuildFile; fileRef = CC2EA84C1E52B27700C62F1E /* ZJAClothesModel.swift */; };
		CC303CA51DF50DFE00B262A7 /* ZJATextField.m in Sources */ = {isa = PBXBuildFile; fileRef = CC303CA41DF50DFE00B262A7 /* ZJATextField.m */; };
		CC56432B1DF06EE300FEC5A8 /* ZJASKUTagViewCell.swift in Sources */ = {isa = PBXBuildFile; fileRef = CC56432A1DF06EE300FEC5A8 /* ZJASKUTagViewCell.swift */; };
		CC56432E1DF0846C00FEC5A8 /* SYTagListView.m in Sources */ = {isa = PBXBuildFile; fileRef = CC56432D1DF0846C00FEC5A8 /* SYTagListView.m */; };
		CC5CFEE41E2B35AA00B9EBE6 /* ZJATableClothes.swift in Sources */ = {isa = PBXBuildFile; fileRef = CC5CFEE31E2B35AA00B9EBE6 /* ZJATableClothes.swift */; };
		CC5CFEE61E2B39CD00B9EBE6 /* ZJASQLiteManager.swift in Sources */ = {isa = PBXBuildFile; fileRef = CC5CFEE51E2B39CD00B9EBE6 /* ZJASQLiteManager.swift */; };
		CC5CFF181E2B426600B9EBE6 /* SQLite.framework in Frameworks */ = {isa = PBXBuildFile; fileRef = CC5CFF171E2B426600B9EBE6 /* SQLite.framework */; };
		CC5CFF1A1E2B432B00B9EBE6 /* SQLite.framework in Frameworks */ = {isa = PBXBuildFile; fileRef = CC5CFF191E2B432B00B9EBE6 /* SQLite.framework */; };
		CC5CFF1B1E2B432B00B9EBE6 /* SQLite.framework in Embed Frameworks */ = {isa = PBXBuildFile; fileRef = CC5CFF191E2B432B00B9EBE6 /* SQLite.framework */; settings = {ATTRIBUTES = (CodeSignOnCopy, RemoveHeadersOnCopy, ); }; };
		CC73E8F21D9D1AEE00C283D2 /* LaunchScreen.storyboard in Resources */ = {isa = PBXBuildFile; fileRef = CC73E8F01D9D1AEE00C283D2 /* LaunchScreen.storyboard */; };
		CC73E8FD1D9D1AEE00C283D2 /* ZJArmoireTests.swift in Sources */ = {isa = PBXBuildFile; fileRef = CC73E8FC1D9D1AEE00C283D2 /* ZJArmoireTests.swift */; };
		CCA44ECF1E01136E0070FDB2 /* UIImage+CompressForSize.m in Sources */ = {isa = PBXBuildFile; fileRef = CCA44ECE1E01136E0070FDB2 /* UIImage+CompressForSize.m */; };
		CCA7268E1DBA49AF0099BC98 /* ZJATypeListController.swift in Sources */ = {isa = PBXBuildFile; fileRef = CCA7268D1DBA49AF0099BC98 /* ZJATypeListController.swift */; };
		CCA726901DBA52AE0099BC98 /* UIBarButtonItemExtension.swift in Sources */ = {isa = PBXBuildFile; fileRef = CCA7268F1DBA52AE0099BC98 /* UIBarButtonItemExtension.swift */; };
		CCA726941DBA59FF0099BC98 /* ZJAErrorView.swift in Sources */ = {isa = PBXBuildFile; fileRef = CCA726931DBA59FF0099BC98 /* ZJAErrorView.swift */; };
		CCA726961DBB25690099BC98 /* UIImageExtension.swift in Sources */ = {isa = PBXBuildFile; fileRef = CCA726951DBB25690099BC98 /* UIImageExtension.swift */; };
		CCA726981DBB36CA0099BC98 /* ZJAPhotoSelectorView.swift in Sources */ = {isa = PBXBuildFile; fileRef = CCA726971DBB36CA0099BC98 /* ZJAPhotoSelectorView.swift */; };
		CCBBDFAF1DFE7A500095E2F2 /* ZJAPopView.swift in Sources */ = {isa = PBXBuildFile; fileRef = CCBBDFAE1DFE7A500095E2F2 /* ZJAPopView.swift */; };
		CCBFCCC91D9E0D2A00D80C78 /* AppDelegate.swift in Sources */ = {isa = PBXBuildFile; fileRef = CCBFCCC21D9E0D2A00D80C78 /* AppDelegate.swift */; };
		CCBFCCD11D9E102900D80C78 /* ZJATabBarViewController.swift in Sources */ = {isa = PBXBuildFile; fileRef = CCBFCCD01D9E102900D80C78 /* ZJATabBarViewController.swift */; };
		CCBFCCD31D9E130100D80C78 /* Config.swift in Sources */ = {isa = PBXBuildFile; fileRef = CCBFCCD21D9E130100D80C78 /* Config.swift */; };
		CCBFCCD51D9E143400D80C78 /* ZJANavigationController.swift in Sources */ = {isa = PBXBuildFile; fileRef = CCBFCCD41D9E143400D80C78 /* ZJANavigationController.swift */; };
		CCBFCCD71D9E15F100D80C78 /* ZJATabBar.swift in Sources */ = {isa = PBXBuildFile; fileRef = CCBFCCD61D9E15F100D80C78 /* ZJATabBar.swift */; };
		CCBFCCD91D9E297F00D80C78 /* ZJAHomeViewController.swift in Sources */ = {isa = PBXBuildFile; fileRef = CCBFCCD81D9E297F00D80C78 /* ZJAHomeViewController.swift */; };
		CCBFCCE01D9E33BD00D80C78 /* ZJAYiGuiViewController.swift in Sources */ = {isa = PBXBuildFile; fileRef = CCBFCCDF1D9E33BD00D80C78 /* ZJAYiGuiViewController.swift */; };
		CCBFCCE21DA37B5C00D80C78 /* UIColorExtension.swift in Sources */ = {isa = PBXBuildFile; fileRef = CCBFCCE11DA37B5C00D80C78 /* UIColorExtension.swift */; };
		CCBFCCEE1DA37F3300D80C78 /* ZJADaPeiController.swift in Sources */ = {isa = PBXBuildFile; fileRef = CCBFCCED1DA37F3300D80C78 /* ZJADaPeiController.swift */; };
		CCBFCCF01DA37F4B00D80C78 /* ZJAMineController.swift in Sources */ = {isa = PBXBuildFile; fileRef = CCBFCCEF1DA37F4B00D80C78 /* ZJAMineController.swift */; };
		CCBFCCF51DA3A53F00D80C78 /* UIViewExtension.swift in Sources */ = {isa = PBXBuildFile; fileRef = CCBFCCF41DA3A53F00D80C78 /* UIViewExtension.swift */; };
		CCBFCCF71DA3B18600D80C78 /* Assets.xcassets in Resources */ = {isa = PBXBuildFile; fileRef = CCBFCCF61DA3B18600D80C78 /* Assets.xcassets */; };
		CCC6CF7D1E2C90C900D35BC3 /* ZJATableClothes_Tag.swift in Sources */ = {isa = PBXBuildFile; fileRef = CCC6CF7C1E2C90C900D35BC3 /* ZJATableClothes_Tag.swift */; };
		CCC6CF821E2D18C900D35BC3 /* ZJATypeListCollectionView.swift in Sources */ = {isa = PBXBuildFile; fileRef = CCC6CF811E2D18C900D35BC3 /* ZJATypeListCollectionView.swift */; };
		CCC6CF841E2D1AC500D35BC3 /* ZJATypeListCollectionCell.swift in Sources */ = {isa = PBXBuildFile; fileRef = CCC6CF831E2D1AC500D35BC3 /* ZJATypeListCollectionCell.swift */; };
		CCC6CFCF1E2DCADA00D35BC3 /* ZJATodayDapeiController.swift in Sources */ = {isa = PBXBuildFile; fileRef = CCC6CFCE1E2DCADA00D35BC3 /* ZJATodayDapeiController.swift */; };
		CCC6CFD11E2DCD6600D35BC3 /* ZJATodayDapeiSelectorView.swift in Sources */ = {isa = PBXBuildFile; fileRef = CCC6CFD01E2DCD6600D35BC3 /* ZJATodayDapeiSelectorView.swift */; };
		CCC96DB61DB32F7C00465131 /* ZJAHomeTableHeaderView.swift in Sources */ = {isa = PBXBuildFile; fileRef = CCC96DB51DB32F7C00465131 /* ZJAHomeTableHeaderView.swift */; };
		CCC96DBA1DB338A300465131 /* ZJAHomeTableView.swift in Sources */ = {isa = PBXBuildFile; fileRef = CCC96DB91DB338A300465131 /* ZJAHomeTableView.swift */; };
		CCC96DBC1DB3BA3D00465131 /* ZJAHomeTuiJianCell.swift in Sources */ = {isa = PBXBuildFile; fileRef = CCC96DBB1DB3BA3D00465131 /* ZJAHomeTuiJianCell.swift */; };
		CCC96DBE1DB4943A00465131 /* ZJAYiGuiTypeCell.swift in Sources */ = {isa = PBXBuildFile; fileRef = CCC96DBD1DB4943A00465131 /* ZJAYiGuiTypeCell.swift */; };
		CCDB8CA31E2C684400DC768B /* ZJATableTags.swift in Sources */ = {isa = PBXBuildFile; fileRef = CCDB8CA21E2C684400DC768B /* ZJATableTags.swift */; };
		CCF65EF01E558291006F2F93 /* ZJAEditSkuPhotoCell.swift in Sources */ = {isa = PBXBuildFile; fileRef = CCF65EEF1E558290006F2F93 /* ZJAEditSkuPhotoCell.swift */; };
/* End PBXBuildFile section */

/* Begin PBXContainerItemProxy section */
		CC73E8F91D9D1AEE00C283D2 /* PBXContainerItemProxy */ = {
			isa = PBXContainerItemProxy;
			containerPortal = CC73E8DC1D9D1AEE00C283D2 /* Project object */;
			proxyType = 1;
			remoteGlobalIDString = CC73E8E31D9D1AEE00C283D2;
			remoteInfo = ZJArmoire;
		};
/* End PBXContainerItemProxy section */

/* Begin PBXCopyFilesBuildPhase section */
		CC5CFF1C1E2B432C00B9EBE6 /* Embed Frameworks */ = {
			isa = PBXCopyFilesBuildPhase;
			buildActionMask = 2147483647;
			dstPath = "";
			dstSubfolderSpec = 10;
			files = (
				CC5CFF1B1E2B432B00B9EBE6 /* SQLite.framework in Embed Frameworks */,
			);
			name = "Embed Frameworks";
			runOnlyForDeploymentPostprocessing = 0;
		};
/* End PBXCopyFilesBuildPhase section */

/* Begin PBXFileReference section */
		2E9AD36B472132147CDB0DDC /* Pods-ZJArmoire.release.xcconfig */ = {isa = PBXFileReference; includeInIndex = 1; lastKnownFileType = text.xcconfig; name = "Pods-ZJArmoire.release.xcconfig"; path = "Pods/Target Support Files/Pods-ZJArmoire/Pods-ZJArmoire.release.xcconfig"; sourceTree = "<group>"; };
		3744C2651DB9E8FB004F40AD /* ZJACameraDataCenter.swift */ = {isa = PBXFileReference; fileEncoding = 4; lastKnownFileType = sourcecode.swift; path = ZJACameraDataCenter.swift; sourceTree = "<group>"; };
		375E30FE1DF0475D00FAF03D /* ZJASKUAddPhotoHeaderView.swift */ = {isa = PBXFileReference; fileEncoding = 4; lastKnownFileType = sourcecode.swift; path = ZJASKUAddPhotoHeaderView.swift; sourceTree = "<group>"; };
		375E31001DF0485200FAF03D /* ZJASKUTypeHeaderView.swift */ = {isa = PBXFileReference; fileEncoding = 4; lastKnownFileType = sourcecode.swift; path = ZJASKUTypeHeaderView.swift; sourceTree = "<group>"; };
		37BF23281DE55A5E00666B52 /* DJDebug.bundle */ = {isa = PBXFileReference; lastKnownFileType = "wrapper.plug-in"; name = DJDebug.bundle; path = ../Pods/DJDebug/DJDebug/DJDebug.bundle; sourceTree = "<group>"; };
		37BF232C1DED820500666B52 /* ZJASKUAddTableView.swift */ = {isa = PBXFileReference; fileEncoding = 4; lastKnownFileType = sourcecode.swift; path = ZJASKUAddTableView.swift; sourceTree = "<group>"; };
		37BF23341DEDA43B00666B52 /* ZJAAddSKUController.swift */ = {isa = PBXFileReference; fileEncoding = 4; lastKnownFileType = sourcecode.swift; path = ZJAAddSKUController.swift; sourceTree = "<group>"; };
		37BF23361DEDA4F700666B52 /* ZJASKUAddCell.swift */ = {isa = PBXFileReference; fileEncoding = 4; lastKnownFileType = sourcecode.swift; path = ZJASKUAddCell.swift; sourceTree = "<group>"; };
		37BF233D1DEE6E1F00666B52 /* ZJASKUAddPhotoCell.swift */ = {isa = PBXFileReference; fileEncoding = 4; lastKnownFileType = sourcecode.swift; path = ZJASKUAddPhotoCell.swift; sourceTree = "<group>"; };
		37BF23411DEEA0AD00666B52 /* ZJASKUItemModel.swift */ = {isa = PBXFileReference; fileEncoding = 4; lastKnownFileType = sourcecode.swift; path = ZJASKUItemModel.swift; sourceTree = "<group>"; };
		37BF23431DEEA69500666B52 /* ZJASKUDataCenter.swift */ = {isa = PBXFileReference; fileEncoding = 4; lastKnownFileType = sourcecode.swift; path = ZJASKUDataCenter.swift; sourceTree = "<group>"; };
		37BF23451DEFF6CD00666B52 /* ZJASKUAddButtonCell.swift */ = {isa = PBXFileReference; fileEncoding = 4; lastKnownFileType = sourcecode.swift; path = ZJASKUAddButtonCell.swift; sourceTree = "<group>"; };
		37BF23471DF0005900666B52 /* ZJASKUTypeViewCell.swift */ = {isa = PBXFileReference; fileEncoding = 4; lastKnownFileType = sourcecode.swift; path = ZJASKUTypeViewCell.swift; sourceTree = "<group>"; };
		37BF23491DF002B700666B52 /* ZJASKUTypeCollectionCell.swift */ = {isa = PBXFileReference; fileEncoding = 4; lastKnownFileType = sourcecode.swift; path = ZJASKUTypeCollectionCell.swift; sourceTree = "<group>"; };
		37D68EEB1DB4901200EFC185 /* ZJAYiGuiCollectionView.swift */ = {isa = PBXFileReference; fileEncoding = 4; lastKnownFileType = sourcecode.swift; path = ZJAYiGuiCollectionView.swift; sourceTree = "<group>"; };
		37D68EF41DB5F98A00EFC185 /* ZJACameraController.swift */ = {isa = PBXFileReference; fileEncoding = 4; lastKnownFileType = sourcecode.swift; path = ZJACameraController.swift; sourceTree = "<group>"; };
		37D68EF61DB611C100EFC185 /* ZJACameraActionView.swift */ = {isa = PBXFileReference; fileEncoding = 4; lastKnownFileType = sourcecode.swift; path = ZJACameraActionView.swift; sourceTree = "<group>"; };
		37D68EF81DB72FC800EFC185 /* ZJACameraEditController.swift */ = {isa = PBXFileReference; fileEncoding = 4; lastKnownFileType = sourcecode.swift; path = ZJACameraEditController.swift; sourceTree = "<group>"; };
		37D68EFA1DB7301400EFC185 /* ZJACameraEditActionView.swift */ = {isa = PBXFileReference; fileEncoding = 4; lastKnownFileType = sourcecode.swift; path = ZJACameraEditActionView.swift; sourceTree = "<group>"; };
		37D68EFD1DB796F000EFC185 /* ZJACameraManager.swift */ = {isa = PBXFileReference; fileEncoding = 4; lastKnownFileType = sourcecode.swift; path = ZJACameraManager.swift; sourceTree = "<group>"; };
		A86C3A27C473C44792B9A788 /* Pods-ZJArmoire.debug.xcconfig */ = {isa = PBXFileReference; includeInIndex = 1; lastKnownFileType = text.xcconfig; name = "Pods-ZJArmoire.debug.xcconfig"; path = "Pods/Target Support Files/Pods-ZJArmoire/Pods-ZJArmoire.debug.xcconfig"; sourceTree = "<group>"; };
		B4011202FF407A2C6431B9F5 /* Pods_ZJArmoire.framework */ = {isa = PBXFileReference; explicitFileType = wrapper.framework; includeInIndex = 0; path = Pods_ZJArmoire.framework; sourceTree = BUILT_PRODUCTS_DIR; };
		CC13E6491E54272000F86BC7 /* ZJAAddSKUViewModel.swift */ = {isa = PBXFileReference; fileEncoding = 4; lastKnownFileType = sourcecode.swift; path = ZJAAddSKUViewModel.swift; sourceTree = "<group>"; };
		CC13E64B1E54282400F86BC7 /* ZJAEditSkuController.swift */ = {isa = PBXFileReference; fileEncoding = 4; lastKnownFileType = sourcecode.swift; path = ZJAEditSkuController.swift; sourceTree = "<group>"; };
		CC13E64D1E54316F00F86BC7 /* ZJASkuEditTableView.swift */ = {isa = PBXFileReference; fileEncoding = 4; lastKnownFileType = sourcecode.swift; path = ZJASkuEditTableView.swift; sourceTree = "<group>"; };
		CC13E64F1E54526700F86BC7 /* ZJAAddDapeiController.swift */ = {isa = PBXFileReference; fileEncoding = 4; lastKnownFileType = sourcecode.swift; path = ZJAAddDapeiController.swift; sourceTree = "<group>"; };
		CC13E6511E54533F00F86BC7 /* ZJAPhotoJointView.swift */ = {isa = PBXFileReference; fileEncoding = 4; lastKnownFileType = sourcecode.swift; path = ZJAPhotoJointView.swift; sourceTree = "<group>"; };
		CC26032E1DA4131B0090F916 /* AppConfiguration.h */ = {isa = PBXFileReference; fileEncoding = 4; lastKnownFileType = sourcecode.c.h; path = AppConfiguration.h; sourceTree = "<group>"; };
		CC26032F1DA4131B0090F916 /* AppInclude.h */ = {isa = PBXFileReference; fileEncoding = 4; lastKnownFileType = sourcecode.c.h; path = AppInclude.h; sourceTree = "<group>"; };
		CC2603311DA4131B0090F916 /* Constants.h */ = {isa = PBXFileReference; fileEncoding = 4; lastKnownFileType = sourcecode.c.h; path = Constants.h; sourceTree = "<group>"; };
		CC2603321DA4131B0090F916 /* ContentType.h */ = {isa = PBXFileReference; fileEncoding = 4; lastKnownFileType = sourcecode.c.h; path = ContentType.h; sourceTree = "<group>"; };
		CC2603331DA4131B0090F916 /* HttpHeader.h */ = {isa = PBXFileReference; fileEncoding = 4; lastKnownFileType = sourcecode.c.h; path = HttpHeader.h; sourceTree = "<group>"; };
		CC2603341DA4131B0090F916 /* HttpMethod.h */ = {isa = PBXFileReference; fileEncoding = 4; lastKnownFileType = sourcecode.c.h; path = HttpMethod.h; sourceTree = "<group>"; };
		CC2603351DA4131B0090F916 /* HttpSchema.h */ = {isa = PBXFileReference; fileEncoding = 4; lastKnownFileType = sourcecode.c.h; path = HttpSchema.h; sourceTree = "<group>"; };
		CC2603361DA4131B0090F916 /* SystemHeader.h */ = {isa = PBXFileReference; fileEncoding = 4; lastKnownFileType = sourcecode.c.h; path = SystemHeader.h; sourceTree = "<group>"; };
		CC2603371DA4131B0090F916 /* HttpUtil.h */ = {isa = PBXFileReference; fileEncoding = 4; lastKnownFileType = sourcecode.c.h; path = HttpUtil.h; sourceTree = "<group>"; };
		CC2603381DA4131B0090F916 /* HttpUtil.m */ = {isa = PBXFileReference; fileEncoding = 4; lastKnownFileType = sourcecode.c.objc; path = HttpUtil.m; sourceTree = "<group>"; };
		CC2603391DA4131B0090F916 /* SignUtil.h */ = {isa = PBXFileReference; fileEncoding = 4; lastKnownFileType = sourcecode.c.h; path = SignUtil.h; sourceTree = "<group>"; };
		CC26033A1DA4131B0090F916 /* SignUtil.m */ = {isa = PBXFileReference; fileEncoding = 4; lastKnownFileType = sourcecode.c.objc; path = SignUtil.m; sourceTree = "<group>"; };
		CC2603401DA413A90090F916 /* ZJArmoire-Swift-Bridging-Header.h */ = {isa = PBXFileReference; lastKnownFileType = sourcecode.c.h; path = "ZJArmoire-Swift-Bridging-Header.h"; sourceTree = "<group>"; };
		CC2EA8481E505B2300C62F1E /* ZJATableDapei.swift */ = {isa = PBXFileReference; fileEncoding = 4; lastKnownFileType = sourcecode.swift; path = ZJATableDapei.swift; sourceTree = "<group>"; };
		CC2EA84A1E505B4200C62F1E /* ZJATableDapei_Clothes.swift */ = {isa = PBXFileReference; fileEncoding = 4; lastKnownFileType = sourcecode.swift; path = ZJATableDapei_Clothes.swift; sourceTree = "<group>"; };
		CC2EA84C1E52B27700C62F1E /* ZJAClothesModel.swift */ = {isa = PBXFileReference; fileEncoding = 4; lastKnownFileType = sourcecode.swift; path = ZJAClothesModel.swift; sourceTree = "<group>"; };
		CC303CA31DF50DFE00B262A7 /* ZJATextField.h */ = {isa = PBXFileReference; fileEncoding = 4; lastKnownFileType = sourcecode.c.h; path = ZJATextField.h; sourceTree = "<group>"; };
		CC303CA41DF50DFE00B262A7 /* ZJATextField.m */ = {isa = PBXFileReference; fileEncoding = 4; lastKnownFileType = sourcecode.c.objc; path = ZJATextField.m; sourceTree = "<group>"; };
		CC56432A1DF06EE300FEC5A8 /* ZJASKUTagViewCell.swift */ = {isa = PBXFileReference; fileEncoding = 4; lastKnownFileType = sourcecode.swift; path = ZJASKUTagViewCell.swift; sourceTree = "<group>"; };
		CC56432C1DF0846C00FEC5A8 /* SYTagListView.h */ = {isa = PBXFileReference; fileEncoding = 4; lastKnownFileType = sourcecode.c.h; path = SYTagListView.h; sourceTree = "<group>"; };
		CC56432D1DF0846C00FEC5A8 /* SYTagListView.m */ = {isa = PBXFileReference; fileEncoding = 4; lastKnownFileType = sourcecode.c.objc; path = SYTagListView.m; sourceTree = "<group>"; };
		CC5CFEE31E2B35AA00B9EBE6 /* ZJATableClothes.swift */ = {isa = PBXFileReference; fileEncoding = 4; lastKnownFileType = sourcecode.swift; path = ZJATableClothes.swift; sourceTree = "<group>"; };
		CC5CFEE51E2B39CD00B9EBE6 /* ZJASQLiteManager.swift */ = {isa = PBXFileReference; fileEncoding = 4; lastKnownFileType = sourcecode.swift; name = ZJASQLiteManager.swift; path = ../Module/YiGui/ViewModel/ZJASQLiteManager.swift; sourceTree = "<group>"; };
		CC5CFF171E2B426600B9EBE6 /* SQLite.framework */ = {isa = PBXFileReference; lastKnownFileType = wrapper.framework; name = SQLite.framework; path = "../SQLite.swift-master/build/Debug-iphoneos/SQLite.framework"; sourceTree = "<group>"; };
		CC5CFF191E2B432B00B9EBE6 /* SQLite.framework */ = {isa = PBXFileReference; explicitFileType = wrapper.framework; path = SQLite.framework; sourceTree = BUILT_PRODUCTS_DIR; };
		CC73E8E41D9D1AEE00C283D2 /* ZJArmoire.app */ = {isa = PBXFileReference; explicitFileType = wrapper.application; includeInIndex = 0; path = ZJArmoire.app; sourceTree = BUILT_PRODUCTS_DIR; };
		CC73E8F11D9D1AEE00C283D2 /* Base */ = {isa = PBXFileReference; lastKnownFileType = file.storyboard; name = Base; path = Base.lproj/LaunchScreen.storyboard; sourceTree = "<group>"; };
		CC73E8F31D9D1AEE00C283D2 /* Info.plist */ = {isa = PBXFileReference; lastKnownFileType = text.plist.xml; path = Info.plist; sourceTree = "<group>"; };
		CC73E8F81D9D1AEE00C283D2 /* ZJArmoireTests.xctest */ = {isa = PBXFileReference; explicitFileType = wrapper.cfbundle; includeInIndex = 0; path = ZJArmoireTests.xctest; sourceTree = BUILT_PRODUCTS_DIR; };
		CC73E8FC1D9D1AEE00C283D2 /* ZJArmoireTests.swift */ = {isa = PBXFileReference; lastKnownFileType = sourcecode.swift; path = ZJArmoireTests.swift; sourceTree = "<group>"; };
		CC73E8FE1D9D1AEE00C283D2 /* Info.plist */ = {isa = PBXFileReference; lastKnownFileType = text.plist.xml; path = Info.plist; sourceTree = "<group>"; };
		CCA44ECD1E01136E0070FDB2 /* UIImage+CompressForSize.h */ = {isa = PBXFileReference; fileEncoding = 4; lastKnownFileType = sourcecode.c.h; path = "UIImage+CompressForSize.h"; sourceTree = "<group>"; };
		CCA44ECE1E01136E0070FDB2 /* UIImage+CompressForSize.m */ = {isa = PBXFileReference; fileEncoding = 4; lastKnownFileType = sourcecode.c.objc; path = "UIImage+CompressForSize.m"; sourceTree = "<group>"; };
		CCA7268D1DBA49AF0099BC98 /* ZJATypeListController.swift */ = {isa = PBXFileReference; fileEncoding = 4; lastKnownFileType = sourcecode.swift; path = ZJATypeListController.swift; sourceTree = "<group>"; };
		CCA7268F1DBA52AE0099BC98 /* UIBarButtonItemExtension.swift */ = {isa = PBXFileReference; fileEncoding = 4; lastKnownFileType = sourcecode.swift; path = UIBarButtonItemExtension.swift; sourceTree = "<group>"; };
		CCA726931DBA59FF0099BC98 /* ZJAErrorView.swift */ = {isa = PBXFileReference; fileEncoding = 4; lastKnownFileType = sourcecode.swift; path = ZJAErrorView.swift; sourceTree = "<group>"; };
		CCA726951DBB25690099BC98 /* UIImageExtension.swift */ = {isa = PBXFileReference; fileEncoding = 4; lastKnownFileType = sourcecode.swift; path = UIImageExtension.swift; sourceTree = "<group>"; };
		CCA726971DBB36CA0099BC98 /* ZJAPhotoSelectorView.swift */ = {isa = PBXFileReference; fileEncoding = 4; lastKnownFileType = sourcecode.swift; path = ZJAPhotoSelectorView.swift; sourceTree = "<group>"; };
		CCBBDFAE1DFE7A500095E2F2 /* ZJAPopView.swift */ = {isa = PBXFileReference; fileEncoding = 4; lastKnownFileType = sourcecode.swift; path = ZJAPopView.swift; sourceTree = "<group>"; };
		CCBFCCC21D9E0D2A00D80C78 /* AppDelegate.swift */ = {isa = PBXFileReference; fileEncoding = 4; lastKnownFileType = sourcecode.swift; path = AppDelegate.swift; sourceTree = "<group>"; };
		CCBFCCD01D9E102900D80C78 /* ZJATabBarViewController.swift */ = {isa = PBXFileReference; fileEncoding = 4; lastKnownFileType = sourcecode.swift; path = ZJATabBarViewController.swift; sourceTree = "<group>"; };
		CCBFCCD21D9E130100D80C78 /* Config.swift */ = {isa = PBXFileReference; fileEncoding = 4; lastKnownFileType = sourcecode.swift; path = Config.swift; sourceTree = "<group>"; };
		CCBFCCD41D9E143400D80C78 /* ZJANavigationController.swift */ = {isa = PBXFileReference; fileEncoding = 4; lastKnownFileType = sourcecode.swift; path = ZJANavigationController.swift; sourceTree = "<group>"; };
		CCBFCCD61D9E15F100D80C78 /* ZJATabBar.swift */ = {isa = PBXFileReference; fileEncoding = 4; lastKnownFileType = sourcecode.swift; path = ZJATabBar.swift; sourceTree = "<group>"; };
		CCBFCCD81D9E297F00D80C78 /* ZJAHomeViewController.swift */ = {isa = PBXFileReference; fileEncoding = 4; lastKnownFileType = sourcecode.swift; path = ZJAHomeViewController.swift; sourceTree = "<group>"; };
		CCBFCCDF1D9E33BD00D80C78 /* ZJAYiGuiViewController.swift */ = {isa = PBXFileReference; fileEncoding = 4; lastKnownFileType = sourcecode.swift; path = ZJAYiGuiViewController.swift; sourceTree = "<group>"; };
		CCBFCCE11DA37B5C00D80C78 /* UIColorExtension.swift */ = {isa = PBXFileReference; fileEncoding = 4; lastKnownFileType = sourcecode.swift; path = UIColorExtension.swift; sourceTree = "<group>"; };
		CCBFCCED1DA37F3300D80C78 /* ZJADaPeiController.swift */ = {isa = PBXFileReference; fileEncoding = 4; lastKnownFileType = sourcecode.swift; path = ZJADaPeiController.swift; sourceTree = "<group>"; };
		CCBFCCEF1DA37F4B00D80C78 /* ZJAMineController.swift */ = {isa = PBXFileReference; fileEncoding = 4; lastKnownFileType = sourcecode.swift; path = ZJAMineController.swift; sourceTree = "<group>"; };
		CCBFCCF41DA3A53F00D80C78 /* UIViewExtension.swift */ = {isa = PBXFileReference; fileEncoding = 4; lastKnownFileType = sourcecode.swift; path = UIViewExtension.swift; sourceTree = "<group>"; };
		CCBFCCF61DA3B18600D80C78 /* Assets.xcassets */ = {isa = PBXFileReference; lastKnownFileType = folder.assetcatalog; path = Assets.xcassets; sourceTree = "<group>"; };
		CCC6CF7C1E2C90C900D35BC3 /* ZJATableClothes_Tag.swift */ = {isa = PBXFileReference; fileEncoding = 4; lastKnownFileType = sourcecode.swift; path = ZJATableClothes_Tag.swift; sourceTree = "<group>"; };
		CCC6CF811E2D18C900D35BC3 /* ZJATypeListCollectionView.swift */ = {isa = PBXFileReference; fileEncoding = 4; lastKnownFileType = sourcecode.swift; path = ZJATypeListCollectionView.swift; sourceTree = "<group>"; };
		CCC6CF831E2D1AC500D35BC3 /* ZJATypeListCollectionCell.swift */ = {isa = PBXFileReference; fileEncoding = 4; lastKnownFileType = sourcecode.swift; path = ZJATypeListCollectionCell.swift; sourceTree = "<group>"; };
		CCC6CFCE1E2DCADA00D35BC3 /* ZJATodayDapeiController.swift */ = {isa = PBXFileReference; fileEncoding = 4; lastKnownFileType = sourcecode.swift; path = ZJATodayDapeiController.swift; sourceTree = "<group>"; };
		CCC6CFD01E2DCD6600D35BC3 /* ZJATodayDapeiSelectorView.swift */ = {isa = PBXFileReference; fileEncoding = 4; lastKnownFileType = sourcecode.swift; path = ZJATodayDapeiSelectorView.swift; sourceTree = "<group>"; };
		CCC96DB51DB32F7C00465131 /* ZJAHomeTableHeaderView.swift */ = {isa = PBXFileReference; fileEncoding = 4; lastKnownFileType = sourcecode.swift; path = ZJAHomeTableHeaderView.swift; sourceTree = "<group>"; };
		CCC96DB91DB338A300465131 /* ZJAHomeTableView.swift */ = {isa = PBXFileReference; fileEncoding = 4; lastKnownFileType = sourcecode.swift; path = ZJAHomeTableView.swift; sourceTree = "<group>"; };
		CCC96DBB1DB3BA3D00465131 /* ZJAHomeTuiJianCell.swift */ = {isa = PBXFileReference; fileEncoding = 4; lastKnownFileType = sourcecode.swift; path = ZJAHomeTuiJianCell.swift; sourceTree = "<group>"; };
		CCC96DBD1DB4943A00465131 /* ZJAYiGuiTypeCell.swift */ = {isa = PBXFileReference; fileEncoding = 4; lastKnownFileType = sourcecode.swift; path = ZJAYiGuiTypeCell.swift; sourceTree = "<group>"; };
		CCDB8CA21E2C684400DC768B /* ZJATableTags.swift */ = {isa = PBXFileReference; fileEncoding = 4; lastKnownFileType = sourcecode.swift; path = ZJATableTags.swift; sourceTree = "<group>"; };
		CCF65EEF1E558290006F2F93 /* ZJAEditSkuPhotoCell.swift */ = {isa = PBXFileReference; fileEncoding = 4; lastKnownFileType = sourcecode.swift; path = ZJAEditSkuPhotoCell.swift; sourceTree = "<group>"; };
/* End PBXFileReference section */

/* Begin PBXFrameworksBuildPhase section */
		CC73E8E11D9D1AEE00C283D2 /* Frameworks */ = {
			isa = PBXFrameworksBuildPhase;
			buildActionMask = 2147483647;
			files = (
				CC5CFF181E2B426600B9EBE6 /* SQLite.framework in Frameworks */,
				3A609CB3A4FB262F8B273043 /* Pods_ZJArmoire.framework in Frameworks */,
				CC5CFF1A1E2B432B00B9EBE6 /* SQLite.framework in Frameworks */,
			);
			runOnlyForDeploymentPostprocessing = 0;
		};
		CC73E8F51D9D1AEE00C283D2 /* Frameworks */ = {
			isa = PBXFrameworksBuildPhase;
			buildActionMask = 2147483647;
			files = (
			);
			runOnlyForDeploymentPostprocessing = 0;
		};
/* End PBXFrameworksBuildPhase section */

/* Begin PBXGroup section */
		1559762EA3DD572407F2FF61 /* Pods */ = {
			isa = PBXGroup;
			children = (
				A86C3A27C473C44792B9A788 /* Pods-ZJArmoire.debug.xcconfig */,
				2E9AD36B472132147CDB0DDC /* Pods-ZJArmoire.release.xcconfig */,
			);
			name = Pods;
			sourceTree = "<group>";
		};
		32D5C3DBA6FB64A650E59DAF /* Frameworks */ = {
			isa = PBXGroup;
			children = (
				CC5CFF171E2B426600B9EBE6 /* SQLite.framework */,
				B4011202FF407A2C6431B9F5 /* Pods_ZJArmoire.framework */,
			);
			name = Frameworks;
			sourceTree = "<group>";
		};
		3744C2641DB9E8BA004F40AD /* DataCenter */ = {
			isa = PBXGroup;
			children = (
				3744C2651DB9E8FB004F40AD /* ZJACameraDataCenter.swift */,
			);
			path = DataCenter;
			sourceTree = "<group>";
		};
		375E30FD1DF0471700FAF03D /* HeaderAndFooter */ = {
			isa = PBXGroup;
			children = (
				375E30FE1DF0475D00FAF03D /* ZJASKUAddPhotoHeaderView.swift */,
				375E31001DF0485200FAF03D /* ZJASKUTypeHeaderView.swift */,
			);
			name = HeaderAndFooter;
			sourceTree = "<group>";
		};
		37BF233F1DEEA07400666B52 /* Model */ = {
			isa = PBXGroup;
			children = (
				37BF23411DEEA0AD00666B52 /* ZJASKUItemModel.swift */,
			);
			path = Model;
			sourceTree = "<group>";
		};
		37BF23401DEEA07400666B52 /* ViewModel */ = {
			isa = PBXGroup;
			children = (
				37BF23431DEEA69500666B52 /* ZJASKUDataCenter.swift */,
				CC13E6491E54272000F86BC7 /* ZJAAddSKUViewModel.swift */,
			);
			path = ViewModel;
			sourceTree = "<group>";
		};
		37D68EE91DB48FEF00EFC185 /* ViewModel */ = {
			isa = PBXGroup;
			children = (
			);
			path = ViewModel;
			sourceTree = "<group>";
		};
		37D68EEA1DB48FF700EFC185 /* View */ = {
			isa = PBXGroup;
			children = (
				37D68EEB1DB4901200EFC185 /* ZJAYiGuiCollectionView.swift */,
				CCC96DBD1DB4943A00465131 /* ZJAYiGuiTypeCell.swift */,
			);
			path = View;
			sourceTree = "<group>";
		};
		37D68EF11DB5F7C000EFC185 /* Camera */ = {
			isa = PBXGroup;
			children = (
				3744C2641DB9E8BA004F40AD /* DataCenter */,
				37D68EFC1DB796BC00EFC185 /* ViewModel */,
				37D68EF21DB5F7C000EFC185 /* View */,
				37D68EF31DB5F7C000EFC185 /* ViewController */,
			);
			path = Camera;
			sourceTree = "<group>";
		};
		37D68EF21DB5F7C000EFC185 /* View */ = {
			isa = PBXGroup;
			children = (
				37D68EF61DB611C100EFC185 /* ZJACameraActionView.swift */,
				37D68EFA1DB7301400EFC185 /* ZJACameraEditActionView.swift */,
				CCA726971DBB36CA0099BC98 /* ZJAPhotoSelectorView.swift */,
			);
			path = View;
			sourceTree = "<group>";
		};
		37D68EF31DB5F7C000EFC185 /* ViewController */ = {
			isa = PBXGroup;
			children = (
				37D68EF41DB5F98A00EFC185 /* ZJACameraController.swift */,
				37D68EF81DB72FC800EFC185 /* ZJACameraEditController.swift */,
			);
			path = ViewController;
			sourceTree = "<group>";
		};
		37D68EFC1DB796BC00EFC185 /* ViewModel */ = {
			isa = PBXGroup;
			children = (
				37D68EFD1DB796F000EFC185 /* ZJACameraManager.swift */,
			);
			path = ViewModel;
			sourceTree = "<group>";
		};
		CC26032D1DA4131B0090F916 /* WeatherSDK */ = {
			isa = PBXGroup;
			children = (
				CC26032E1DA4131B0090F916 /* AppConfiguration.h */,
				CC26032F1DA4131B0090F916 /* AppInclude.h */,
				CC2603301DA4131B0090F916 /* Constant */,
				CC2603371DA4131B0090F916 /* HttpUtil.h */,
				CC2603381DA4131B0090F916 /* HttpUtil.m */,
				CC2603391DA4131B0090F916 /* SignUtil.h */,
				CC26033A1DA4131B0090F916 /* SignUtil.m */,
			);
			path = WeatherSDK;
			sourceTree = "<group>";
		};
		CC2603301DA4131B0090F916 /* Constant */ = {
			isa = PBXGroup;
			children = (
				CC2603311DA4131B0090F916 /* Constants.h */,
				CC2603321DA4131B0090F916 /* ContentType.h */,
				CC2603331DA4131B0090F916 /* HttpHeader.h */,
				CC2603341DA4131B0090F916 /* HttpMethod.h */,
				CC2603351DA4131B0090F916 /* HttpSchema.h */,
				CC2603361DA4131B0090F916 /* SystemHeader.h */,
			);
			path = Constant;
			sourceTree = "<group>";
		};
		CC5CFEE21E2B356F00B9EBE6 /* Model */ = {
			isa = PBXGroup;
			children = (
				CC5CFEE31E2B35AA00B9EBE6 /* ZJATableClothes.swift */,
				CCDB8CA21E2C684400DC768B /* ZJATableTags.swift */,
				CCC6CF7C1E2C90C900D35BC3 /* ZJATableClothes_Tag.swift */,
				CC2EA8481E505B2300C62F1E /* ZJATableDapei.swift */,
				CC2EA84A1E505B4200C62F1E /* ZJATableDapei_Clothes.swift */,
				CC2EA84C1E52B27700C62F1E /* ZJAClothesModel.swift */,
			);
			path = Model;
			sourceTree = "<group>";
		};
		CC73E8DB1D9D1AEE00C283D2 = {
			isa = PBXGroup;
			children = (
				CC5CFF191E2B432B00B9EBE6 /* SQLite.framework */,
				CC73E8E61D9D1AEE00C283D2 /* ZJArmoire */,
				CC73E8FB1D9D1AEE00C283D2 /* ZJArmoireTests */,
				CC73E8E51D9D1AEE00C283D2 /* Products */,
				1559762EA3DD572407F2FF61 /* Pods */,
				32D5C3DBA6FB64A650E59DAF /* Frameworks */,
			);
			sourceTree = "<group>";
		};
		CC73E8E51D9D1AEE00C283D2 /* Products */ = {
			isa = PBXGroup;
			children = (
				CC73E8E41D9D1AEE00C283D2 /* ZJArmoire.app */,
				CC73E8F81D9D1AEE00C283D2 /* ZJArmoireTests.xctest */,
			);
			name = Products;
			sourceTree = "<group>";
		};
		CC73E8E61D9D1AEE00C283D2 /* ZJArmoire */ = {
			isa = PBXGroup;
			children = (
				CCBFCCC01D9E0D2A00D80C78 /* Classes */,
				CC73E8F01D9D1AEE00C283D2 /* LaunchScreen.storyboard */,
				CCBFCCF61DA3B18600D80C78 /* Assets.xcassets */,
				CC73E8F31D9D1AEE00C283D2 /* Info.plist */,
				37BF23281DE55A5E00666B52 /* DJDebug.bundle */,
			);
			path = ZJArmoire;
			sourceTree = "<group>";
		};
		CC73E8FB1D9D1AEE00C283D2 /* ZJArmoireTests */ = {
			isa = PBXGroup;
			children = (
				CC73E8FC1D9D1AEE00C283D2 /* ZJArmoireTests.swift */,
				CC73E8FE1D9D1AEE00C283D2 /* Info.plist */,
			);
			path = ZJArmoireTests;
			sourceTree = "<group>";
		};
		CCA7268A1DBA49960099BC98 /* TypeList */ = {
			isa = PBXGroup;
			children = (
				CCA7268B1DBA49960099BC98 /* Controller */,
				CCA7268C1DBA49960099BC98 /* View */,
			);
			path = TypeList;
			sourceTree = "<group>";
		};
		CCA7268B1DBA49960099BC98 /* Controller */ = {
			isa = PBXGroup;
			children = (
				CCA7268D1DBA49AF0099BC98 /* ZJATypeListController.swift */,
			);
			path = Controller;
			sourceTree = "<group>";
		};
		CCA7268C1DBA49960099BC98 /* View */ = {
			isa = PBXGroup;
			children = (
				CCC6CF811E2D18C900D35BC3 /* ZJATypeListCollectionView.swift */,
				CCC6CF831E2D1AC500D35BC3 /* ZJATypeListCollectionCell.swift */,
			);
			path = View;
			sourceTree = "<group>";
		};
		CCA726911DBA59D30099BC98 /* Global */ = {
			isa = PBXGroup;
			children = (
				CCA726921DBA59D30099BC98 /* View */,
			);
			path = Global;
			sourceTree = "<group>";
		};
		CCA726921DBA59D30099BC98 /* View */ = {
			isa = PBXGroup;
			children = (
				CCA726931DBA59FF0099BC98 /* ZJAErrorView.swift */,
				CCBBDFAE1DFE7A500095E2F2 /* ZJAPopView.swift */,
			);
			path = View;
			sourceTree = "<group>";
		};
		CCBFCCC01D9E0D2A00D80C78 /* Classes */ = {
			isa = PBXGroup;
			children = (
				CCBFCCC11D9E0D2A00D80C78 /* Application */,
				CCBFCCC31D9E0D2A00D80C78 /* Categories */,
				CCBFCCC41D9E0D2A00D80C78 /* Module */,
				CCBFCCC71D9E0D2A00D80C78 /* Utils */,
				CCBFCCC81D9E0D2A00D80C78 /* Vendor */,
			);
			path = Classes;
			sourceTree = "<group>";
		};
		CCBFCCC11D9E0D2A00D80C78 /* Application */ = {
			isa = PBXGroup;
			children = (
				CCBFCCC21D9E0D2A00D80C78 /* AppDelegate.swift */,
				CCBFCCD21D9E130100D80C78 /* Config.swift */,
				CC5CFEE51E2B39CD00B9EBE6 /* ZJASQLiteManager.swift */,
				CC2603401DA413A90090F916 /* ZJArmoire-Swift-Bridging-Header.h */,
			);
			path = Application;
			sourceTree = "<group>";
		};
		CCBFCCC31D9E0D2A00D80C78 /* Categories */ = {
			isa = PBXGroup;
			children = (
				CCBFCCE11DA37B5C00D80C78 /* UIColorExtension.swift */,
				CCBFCCF41DA3A53F00D80C78 /* UIViewExtension.swift */,
				CCA7268F1DBA52AE0099BC98 /* UIBarButtonItemExtension.swift */,
				CCA726951DBB25690099BC98 /* UIImageExtension.swift */,
			);
			path = Categories;
			sourceTree = "<group>";
		};
		CCBFCCC41D9E0D2A00D80C78 /* Module */ = {
			isa = PBXGroup;
			children = (
				CCC6CFCB1E2DCAC100D35BC3 /* Today */,
				CCA726911DBA59D30099BC98 /* Global */,
				CCA7268A1DBA49960099BC98 /* TypeList */,
				CCC82FDB1DBA48B3009DFD21 /* Add */,
				37D68EF11DB5F7C000EFC185 /* Camera */,
				CCBFCCE31DA37E5C00D80C78 /* DaPei */,
				CCBFCCE61DA37E5C00D80C78 /* Mine */,
				CCBFCCDA1D9E337700D80C78 /* YiGui */,
				CCBFCCC51D9E0D2A00D80C78 /* Home */,
				CCBFCCC61D9E0D2A00D80C78 /* Main */,
			);
			path = Module;
			sourceTree = "<group>";
		};
		CCBFCCC51D9E0D2A00D80C78 /* Home */ = {
			isa = PBXGroup;
			children = (
				CCBFCCCD1D9E0FE200D80C78 /* View */,
				CCBFCCCB1D9E0D6500D80C78 /* Controller */,
			);
			path = Home;
			sourceTree = "<group>";
		};
		CCBFCCC61D9E0D2A00D80C78 /* Main */ = {
			isa = PBXGroup;
			children = (
				CCBFCCCE1D9E100400D80C78 /* Controller */,
				CCBFCCCF1D9E100400D80C78 /* View */,
			);
			path = Main;
			sourceTree = "<group>";
		};
		CCBFCCC71D9E0D2A00D80C78 /* Utils */ = {
			isa = PBXGroup;
			children = (
				CC56432C1DF0846C00FEC5A8 /* SYTagListView.h */,
				CC56432D1DF0846C00FEC5A8 /* SYTagListView.m */,
				CC303CA31DF50DFE00B262A7 /* ZJATextField.h */,
				CC303CA41DF50DFE00B262A7 /* ZJATextField.m */,
				CCA44ECD1E01136E0070FDB2 /* UIImage+CompressForSize.h */,
				CCA44ECE1E01136E0070FDB2 /* UIImage+CompressForSize.m */,
			);
			path = Utils;
			sourceTree = "<group>";
		};
		CCBFCCC81D9E0D2A00D80C78 /* Vendor */ = {
			isa = PBXGroup;
			children = (
				CC26032D1DA4131B0090F916 /* WeatherSDK */,
			);
			path = Vendor;
			sourceTree = "<group>";
		};
		CCBFCCCB1D9E0D6500D80C78 /* Controller */ = {
			isa = PBXGroup;
			children = (
				CCBFCCD81D9E297F00D80C78 /* ZJAHomeViewController.swift */,
			);
			path = Controller;
			sourceTree = "<group>";
		};
		CCBFCCCD1D9E0FE200D80C78 /* View */ = {
			isa = PBXGroup;
			children = (
				CCC96DB51DB32F7C00465131 /* ZJAHomeTableHeaderView.swift */,
				CCC96DB91DB338A300465131 /* ZJAHomeTableView.swift */,
				CCC96DBB1DB3BA3D00465131 /* ZJAHomeTuiJianCell.swift */,
			);
			path = View;
			sourceTree = "<group>";
		};
		CCBFCCCE1D9E100400D80C78 /* Controller */ = {
			isa = PBXGroup;
			children = (
				CCBFCCD01D9E102900D80C78 /* ZJATabBarViewController.swift */,
				CCBFCCD41D9E143400D80C78 /* ZJANavigationController.swift */,
			);
			path = Controller;
			sourceTree = "<group>";
		};
		CCBFCCCF1D9E100400D80C78 /* View */ = {
			isa = PBXGroup;
			children = (
				CCBFCCD61D9E15F100D80C78 /* ZJATabBar.swift */,
			);
			path = View;
			sourceTree = "<group>";
		};
		CCBFCCDA1D9E337700D80C78 /* YiGui */ = {
			isa = PBXGroup;
			children = (
				CC5CFEE21E2B356F00B9EBE6 /* Model */,
				37D68EEA1DB48FF700EFC185 /* View */,
				37D68EE91DB48FEF00EFC185 /* ViewModel */,
				CCBFCCDB1D9E339C00D80C78 /* Controller */,
			);
			path = YiGui;
			sourceTree = "<group>";
		};
		CCBFCCDB1D9E339C00D80C78 /* Controller */ = {
			isa = PBXGroup;
			children = (
				CCBFCCDF1D9E33BD00D80C78 /* ZJAYiGuiViewController.swift */,
			);
			path = Controller;
			sourceTree = "<group>";
		};
		CCBFCCE31DA37E5C00D80C78 /* DaPei */ = {
			isa = PBXGroup;
			children = (
				CCBFCCE41DA37E5C00D80C78 /* Controller */,
				CCBFCCE51DA37E5C00D80C78 /* View */,
			);
			path = DaPei;
			sourceTree = "<group>";
		};
		CCBFCCE41DA37E5C00D80C78 /* Controller */ = {
			isa = PBXGroup;
			children = (
				CCBFCCED1DA37F3300D80C78 /* ZJADaPeiController.swift */,
				CC13E64F1E54526700F86BC7 /* ZJAAddDapeiController.swift */,
			);
			path = Controller;
			sourceTree = "<group>";
		};
		CCBFCCE51DA37E5C00D80C78 /* View */ = {
			isa = PBXGroup;
			children = (
				CC13E6511E54533F00F86BC7 /* ZJAPhotoJointView.swift */,
			);
			path = View;
			sourceTree = "<group>";
		};
		CCBFCCE61DA37E5C00D80C78 /* Mine */ = {
			isa = PBXGroup;
			children = (
				CCBFCCE71DA37E5C00D80C78 /* Controller */,
				CCBFCCE81DA37E5C00D80C78 /* View */,
			);
			path = Mine;
			sourceTree = "<group>";
		};
		CCBFCCE71DA37E5C00D80C78 /* Controller */ = {
			isa = PBXGroup;
			children = (
				CCBFCCEF1DA37F4B00D80C78 /* ZJAMineController.swift */,
			);
			path = Controller;
			sourceTree = "<group>";
		};
		CCBFCCE81DA37E5C00D80C78 /* View */ = {
			isa = PBXGroup;
			children = (
			);
			path = View;
			sourceTree = "<group>";
		};
		CCC6CFCB1E2DCAC100D35BC3 /* Today */ = {
			isa = PBXGroup;
			children = (
				CCC6CFCC1E2DCAC100D35BC3 /* Controller */,
				CCC6CFCD1E2DCAC100D35BC3 /* View */,
			);
			path = Today;
			sourceTree = "<group>";
		};
		CCC6CFCC1E2DCAC100D35BC3 /* Controller */ = {
			isa = PBXGroup;
			children = (
				CCC6CFCE1E2DCADA00D35BC3 /* ZJATodayDapeiController.swift */,
			);
			path = Controller;
			sourceTree = "<group>";
		};
		CCC6CFCD1E2DCAC100D35BC3 /* View */ = {
			isa = PBXGroup;
			children = (
				CCC6CFD01E2DCD6600D35BC3 /* ZJATodayDapeiSelectorView.swift */,
			);
			path = View;
			sourceTree = "<group>";
		};
		CCC82FDB1DBA48B3009DFD21 /* Add */ = {
			isa = PBXGroup;
			children = (
				37BF233F1DEEA07400666B52 /* Model */,
				37BF23401DEEA07400666B52 /* ViewModel */,
				CCC82FDC1DBA48B3009DFD21 /* Controller */,
				CCC82FDD1DBA48B3009DFD21 /* View */,
			);
			path = Add;
			sourceTree = "<group>";
		};
		CCC82FDC1DBA48B3009DFD21 /* Controller */ = {
			isa = PBXGroup;
			children = (
				37BF23341DEDA43B00666B52 /* ZJAAddSKUController.swift */,
				CC13E64B1E54282400F86BC7 /* ZJAEditSkuController.swift */,
			);
			path = Controller;
			sourceTree = "<group>";
		};
		CCC82FDD1DBA48B3009DFD21 /* View */ = {
			isa = PBXGroup;
			children = (
				CCF65EEE1E558229006F2F93 /* TableViewCell */,
				375E30FD1DF0471700FAF03D /* HeaderAndFooter */,
				37BF232C1DED820500666B52 /* ZJASKUAddTableView.swift */,
				CC13E64D1E54316F00F86BC7 /* ZJASkuEditTableView.swift */,
			);
			path = View;
			sourceTree = "<group>";
		};
		CCF65EEE1E558229006F2F93 /* TableViewCell */ = {
			isa = PBXGroup;
			children = (
				CCF65EEF1E558290006F2F93 /* ZJAEditSkuPhotoCell.swift */,
				37BF233D1DEE6E1F00666B52 /* ZJASKUAddPhotoCell.swift */,
				37BF23361DEDA4F700666B52 /* ZJASKUAddCell.swift */,
				37BF23451DEFF6CD00666B52 /* ZJASKUAddButtonCell.swift */,
				37BF23471DF0005900666B52 /* ZJASKUTypeViewCell.swift */,
				37BF23491DF002B700666B52 /* ZJASKUTypeCollectionCell.swift */,
				CC56432A1DF06EE300FEC5A8 /* ZJASKUTagViewCell.swift */,
			);
			name = TableViewCell;
			sourceTree = "<group>";
		};
/* End PBXGroup section */

/* Begin PBXNativeTarget section */
		CC73E8E31D9D1AEE00C283D2 /* ZJArmoire */ = {
			isa = PBXNativeTarget;
			buildConfigurationList = CC73E9011D9D1AEE00C283D2 /* Build configuration list for PBXNativeTarget "ZJArmoire" */;
			buildPhases = (
				5B2313D6CEBF859B87CF1F74 /* [CP] Check Pods Manifest.lock */,
				CC73E8E01D9D1AEE00C283D2 /* Sources */,
				CC73E8E11D9D1AEE00C283D2 /* Frameworks */,
				CC73E8E21D9D1AEE00C283D2 /* Resources */,
				F8E1B5F28E49D913AD1D12D9 /* [CP] Embed Pods Frameworks */,
				F63D66FCA6CF74B6F9966DA2 /* [CP] Copy Pods Resources */,
				CC5CFF1C1E2B432C00B9EBE6 /* Embed Frameworks */,
			);
			buildRules = (
			);
			dependencies = (
			);
			name = ZJArmoire;
			productName = ZJArmoire;
			productReference = CC73E8E41D9D1AEE00C283D2 /* ZJArmoire.app */;
			productType = "com.apple.product-type.application";
		};
		CC73E8F71D9D1AEE00C283D2 /* ZJArmoireTests */ = {
			isa = PBXNativeTarget;
			buildConfigurationList = CC73E9041D9D1AEE00C283D2 /* Build configuration list for PBXNativeTarget "ZJArmoireTests" */;
			buildPhases = (
				CC73E8F41D9D1AEE00C283D2 /* Sources */,
				CC73E8F51D9D1AEE00C283D2 /* Frameworks */,
				CC73E8F61D9D1AEE00C283D2 /* Resources */,
			);
			buildRules = (
			);
			dependencies = (
				CC73E8FA1D9D1AEE00C283D2 /* PBXTargetDependency */,
			);
			name = ZJArmoireTests;
			productName = ZJArmoireTests;
			productReference = CC73E8F81D9D1AEE00C283D2 /* ZJArmoireTests.xctest */;
			productType = "com.apple.product-type.bundle.unit-test";
		};
/* End PBXNativeTarget section */

/* Begin PBXProject section */
		CC73E8DC1D9D1AEE00C283D2 /* Project object */ = {
			isa = PBXProject;
			attributes = {
				LastSwiftUpdateCheck = 0800;
				LastUpgradeCheck = 0810;
				ORGANIZATIONNAME = iBlock;
				TargetAttributes = {
					CC73E8E31D9D1AEE00C283D2 = {
						CreatedOnToolsVersion = 8.0;
						DevelopmentTeam = EVS35XY3A5;
						LastSwiftMigration = 0800;
						ProvisioningStyle = Automatic;
					};
					CC73E8F71D9D1AEE00C283D2 = {
						CreatedOnToolsVersion = 8.0;
						DevelopmentTeam = EVS35XY3A5;
						LastSwiftMigration = 0800;
						ProvisioningStyle = Automatic;
						TestTargetID = CC73E8E31D9D1AEE00C283D2;
					};
				};
			};
			buildConfigurationList = CC73E8DF1D9D1AEE00C283D2 /* Build configuration list for PBXProject "ZJArmoire" */;
			compatibilityVersion = "Xcode 3.2";
			developmentRegion = English;
			hasScannedForEncodings = 0;
			knownRegions = (
				en,
				Base,
			);
			mainGroup = CC73E8DB1D9D1AEE00C283D2;
			productRefGroup = CC73E8E51D9D1AEE00C283D2 /* Products */;
			projectDirPath = "";
			projectRoot = "";
			targets = (
				CC73E8E31D9D1AEE00C283D2 /* ZJArmoire */,
				CC73E8F71D9D1AEE00C283D2 /* ZJArmoireTests */,
			);
		};
/* End PBXProject section */

/* Begin PBXResourcesBuildPhase section */
		CC73E8E21D9D1AEE00C283D2 /* Resources */ = {
			isa = PBXResourcesBuildPhase;
			buildActionMask = 2147483647;
			files = (
				CCBFCCF71DA3B18600D80C78 /* Assets.xcassets in Resources */,
				CC73E8F21D9D1AEE00C283D2 /* LaunchScreen.storyboard in Resources */,
				37BF23291DE55A5E00666B52 /* DJDebug.bundle in Resources */,
			);
			runOnlyForDeploymentPostprocessing = 0;
		};
		CC73E8F61D9D1AEE00C283D2 /* Resources */ = {
			isa = PBXResourcesBuildPhase;
			buildActionMask = 2147483647;
			files = (
			);
			runOnlyForDeploymentPostprocessing = 0;
		};
/* End PBXResourcesBuildPhase section */

/* Begin PBXShellScriptBuildPhase section */
		5B2313D6CEBF859B87CF1F74 /* [CP] Check Pods Manifest.lock */ = {
			isa = PBXShellScriptBuildPhase;
			buildActionMask = 2147483647;
			files = (
			);
			inputPaths = (
			);
			name = "[CP] Check Pods Manifest.lock";
			outputPaths = (
			);
			runOnlyForDeploymentPostprocessing = 0;
			shellPath = /bin/sh;
			shellScript = "diff \"${PODS_ROOT}/../Podfile.lock\" \"${PODS_ROOT}/Manifest.lock\" > /dev/null\nif [ $? != 0 ] ; then\n    # print error to STDERR\n    echo \"error: The sandbox is not in sync with the Podfile.lock. Run 'pod install' or update your CocoaPods installation.\" >&2\n    exit 1\nfi\n";
			showEnvVarsInLog = 0;
		};
		F63D66FCA6CF74B6F9966DA2 /* [CP] Copy Pods Resources */ = {
			isa = PBXShellScriptBuildPhase;
			buildActionMask = 2147483647;
			files = (
			);
			inputPaths = (
			);
			name = "[CP] Copy Pods Resources";
			outputPaths = (
			);
			runOnlyForDeploymentPostprocessing = 0;
			shellPath = /bin/sh;
			shellScript = "\"${SRCROOT}/Pods/Target Support Files/Pods-ZJArmoire/Pods-ZJArmoire-resources.sh\"\n";
			showEnvVarsInLog = 0;
		};
		F8E1B5F28E49D913AD1D12D9 /* [CP] Embed Pods Frameworks */ = {
			isa = PBXShellScriptBuildPhase;
			buildActionMask = 2147483647;
			files = (
			);
			inputPaths = (
			);
			name = "[CP] Embed Pods Frameworks";
			outputPaths = (
			);
			runOnlyForDeploymentPostprocessing = 0;
			shellPath = /bin/sh;
			shellScript = "\"${SRCROOT}/Pods/Target Support Files/Pods-ZJArmoire/Pods-ZJArmoire-frameworks.sh\"\n";
			showEnvVarsInLog = 0;
		};
/* End PBXShellScriptBuildPhase section */

/* Begin PBXSourcesBuildPhase section */
		CC73E8E01D9D1AEE00C283D2 /* Sources */ = {
			isa = PBXSourcesBuildPhase;
			buildActionMask = 2147483647;
			files = (
				CC2EA84D1E52B27700C62F1E /* ZJAClothesModel.swift in Sources */,
				CCBFCCD11D9E102900D80C78 /* ZJATabBarViewController.swift in Sources */,
				CCC96DB61DB32F7C00465131 /* ZJAHomeTableHeaderView.swift in Sources */,
				CCA44ECF1E01136E0070FDB2 /* UIImage+CompressForSize.m in Sources */,
				CCBBDFAF1DFE7A500095E2F2 /* ZJAPopView.swift in Sources */,
				CC13E64C1E54282400F86BC7 /* ZJAEditSkuController.swift in Sources */,
				CCBFCCD51D9E143400D80C78 /* ZJANavigationController.swift in Sources */,
				CC56432E1DF0846C00FEC5A8 /* SYTagListView.m in Sources */,
				CCC96DBE1DB4943A00465131 /* ZJAYiGuiTypeCell.swift in Sources */,
				CCBFCCF51DA3A53F00D80C78 /* UIViewExtension.swift in Sources */,
				CC13E6521E54533F00F86BC7 /* ZJAPhotoJointView.swift in Sources */,
				37BF234A1DF002B700666B52 /* ZJASKUTypeCollectionCell.swift in Sources */,
				CC2EA84B1E505B4200C62F1E /* ZJATableDapei_Clothes.swift in Sources */,
				37BF23351DEDA43B00666B52 /* ZJAAddSKUController.swift in Sources */,
				CC5CFEE41E2B35AA00B9EBE6 /* ZJATableClothes.swift in Sources */,
				CCC6CFD11E2DCD6600D35BC3 /* ZJATodayDapeiSelectorView.swift in Sources */,
				CCC6CF821E2D18C900D35BC3 /* ZJATypeListCollectionView.swift in Sources */,
				37D68EFB1DB7301400EFC185 /* ZJACameraEditActionView.swift in Sources */,
				CCBFCCD71D9E15F100D80C78 /* ZJATabBar.swift in Sources */,
				CCA7268E1DBA49AF0099BC98 /* ZJATypeListController.swift in Sources */,
				CCF65EF01E558291006F2F93 /* ZJAEditSkuPhotoCell.swift in Sources */,
				37D68EFE1DB796F000EFC185 /* ZJACameraManager.swift in Sources */,
				CC303CA51DF50DFE00B262A7 /* ZJATextField.m in Sources */,
				CC2EA8491E505B2300C62F1E /* ZJATableDapei.swift in Sources */,
				CCC6CFCF1E2DCADA00D35BC3 /* ZJATodayDapeiController.swift in Sources */,
				CCC6CF7D1E2C90C900D35BC3 /* ZJATableClothes_Tag.swift in Sources */,
				CCC96DBC1DB3BA3D00465131 /* ZJAHomeTuiJianCell.swift in Sources */,
				CCBFCCE21DA37B5C00D80C78 /* UIColorExtension.swift in Sources */,
				CCBFCCF01DA37F4B00D80C78 /* ZJAMineController.swift in Sources */,
				CCBFCCC91D9E0D2A00D80C78 /* AppDelegate.swift in Sources */,
				37BF23371DEDA4F700666B52 /* ZJASKUAddCell.swift in Sources */,
				CC26033B1DA4131B0090F916 /* HttpUtil.m in Sources */,
				CC5CFEE61E2B39CD00B9EBE6 /* ZJASQLiteManager.swift in Sources */,
				37D68EF91DB72FC800EFC185 /* ZJACameraEditController.swift in Sources */,
				CCBFCCEE1DA37F3300D80C78 /* ZJADaPeiController.swift in Sources */,
				CCBFCCE01D9E33BD00D80C78 /* ZJAYiGuiViewController.swift in Sources */,
				CCC96DBA1DB338A300465131 /* ZJAHomeTableView.swift in Sources */,
				CCBFCCD31D9E130100D80C78 /* Config.swift in Sources */,
				CCA726961DBB25690099BC98 /* UIImageExtension.swift in Sources */,
				37BF23421DEEA0AD00666B52 /* ZJASKUItemModel.swift in Sources */,
				375E31011DF0485200FAF03D /* ZJASKUTypeHeaderView.swift in Sources */,
				CC13E6501E54526700F86BC7 /* ZJAAddDapeiController.swift in Sources */,
				CCC6CF841E2D1AC500D35BC3 /* ZJATypeListCollectionCell.swift in Sources */,
				CCA726981DBB36CA0099BC98 /* ZJAPhotoSelectorView.swift in Sources */,
				CCBFCCD91D9E297F00D80C78 /* ZJAHomeViewController.swift in Sources */,
				CCA726901DBA52AE0099BC98 /* UIBarButtonItemExtension.swift in Sources */,
				CCDB8CA31E2C684400DC768B /* ZJATableTags.swift in Sources */,
				37D68EF51DB5F98A00EFC185 /* ZJACameraController.swift in Sources */,
				37BF23461DEFF6CD00666B52 /* ZJASKUAddButtonCell.swift in Sources */,
				37BF233E1DEE6E1F00666B52 /* ZJASKUAddPhotoCell.swift in Sources */,
				CC26033C1DA4131B0090F916 /* SignUtil.m in Sources */,
				37BF232D1DED820500666B52 /* ZJASKUAddTableView.swift in Sources */,
				375E30FF1DF0475D00FAF03D /* ZJASKUAddPhotoHeaderView.swift in Sources */,
				CCA726941DBA59FF0099BC98 /* ZJAErrorView.swift in Sources */,
				3744C2661DB9E8FB004F40AD /* ZJACameraDataCenter.swift in Sources */,
				37BF23441DEEA69500666B52 /* ZJASKUDataCenter.swift in Sources */,
				37D68EEC1DB4901200EFC185 /* ZJAYiGuiCollectionView.swift in Sources */,
				CC56432B1DF06EE300FEC5A8 /* ZJASKUTagViewCell.swift in Sources */,
				CC13E64A1E54272000F86BC7 /* ZJAAddSKUViewModel.swift in Sources */,
				CC13E64E1E54316F00F86BC7 /* ZJASkuEditTableView.swift in Sources */,
				37BF23481DF0005900666B52 /* ZJASKUTypeViewCell.swift in Sources */,
				37D68EF71DB611C100EFC185 /* ZJACameraActionView.swift in Sources */,
			);
			runOnlyForDeploymentPostprocessing = 0;
		};
		CC73E8F41D9D1AEE00C283D2 /* Sources */ = {
			isa = PBXSourcesBuildPhase;
			buildActionMask = 2147483647;
			files = (
				CC73E8FD1D9D1AEE00C283D2 /* ZJArmoireTests.swift in Sources */,
			);
			runOnlyForDeploymentPostprocessing = 0;
		};
/* End PBXSourcesBuildPhase section */

/* Begin PBXTargetDependency section */
		CC73E8FA1D9D1AEE00C283D2 /* PBXTargetDependency */ = {
			isa = PBXTargetDependency;
			target = CC73E8E31D9D1AEE00C283D2 /* ZJArmoire */;
			targetProxy = CC73E8F91D9D1AEE00C283D2 /* PBXContainerItemProxy */;
		};
/* End PBXTargetDependency section */

/* Begin PBXVariantGroup section */
		CC73E8F01D9D1AEE00C283D2 /* LaunchScreen.storyboard */ = {
			isa = PBXVariantGroup;
			children = (
				CC73E8F11D9D1AEE00C283D2 /* Base */,
			);
			name = LaunchScreen.storyboard;
			sourceTree = "<group>";
		};
/* End PBXVariantGroup section */

/* Begin XCBuildConfiguration section */
		CC73E8FF1D9D1AEE00C283D2 /* Debug */ = {
			isa = XCBuildConfiguration;
			buildSettings = {
				ALWAYS_SEARCH_USER_PATHS = NO;
				CLANG_ANALYZER_NONNULL = YES;
				CLANG_CXX_LANGUAGE_STANDARD = "gnu++0x";
				CLANG_CXX_LIBRARY = "libc++";
				CLANG_ENABLE_MODULES = YES;
				CLANG_ENABLE_OBJC_ARC = YES;
				CLANG_WARN_BOOL_CONVERSION = YES;
				CLANG_WARN_CONSTANT_CONVERSION = YES;
				CLANG_WARN_DIRECT_OBJC_ISA_USAGE = YES_ERROR;
				CLANG_WARN_DOCUMENTATION_COMMENTS = YES;
				CLANG_WARN_EMPTY_BODY = YES;
				CLANG_WARN_ENUM_CONVERSION = YES;
				CLANG_WARN_INFINITE_RECURSION = YES;
				CLANG_WARN_INT_CONVERSION = YES;
				CLANG_WARN_OBJC_ROOT_CLASS = YES_ERROR;
				CLANG_WARN_SUSPICIOUS_MOVE = YES;
				CLANG_WARN_SUSPICIOUS_MOVES = YES;
				CLANG_WARN_UNREACHABLE_CODE = YES;
				CLANG_WARN__DUPLICATE_METHOD_MATCH = YES;
				"CODE_SIGN_IDENTITY[sdk=iphoneos*]" = "iPhone Developer";
				COPY_PHASE_STRIP = NO;
				DEBUG_INFORMATION_FORMAT = dwarf;
				ENABLE_STRICT_OBJC_MSGSEND = YES;
				ENABLE_TESTABILITY = YES;
				GCC_C_LANGUAGE_STANDARD = gnu99;
				GCC_DYNAMIC_NO_PIC = NO;
				GCC_NO_COMMON_BLOCKS = YES;
				GCC_OPTIMIZATION_LEVEL = 0;
				GCC_PREPROCESSOR_DEFINITIONS = (
					"DEBUG=1",
					"$(inherited)",
				);
				GCC_WARN_64_TO_32_BIT_CONVERSION = YES;
				GCC_WARN_ABOUT_RETURN_TYPE = YES_ERROR;
				GCC_WARN_UNDECLARED_SELECTOR = YES;
				GCC_WARN_UNINITIALIZED_AUTOS = YES_AGGRESSIVE;
				GCC_WARN_UNUSED_FUNCTION = YES;
				GCC_WARN_UNUSED_VARIABLE = YES;
				IPHONEOS_DEPLOYMENT_TARGET = 10.0;
				MTL_ENABLE_DEBUG_INFO = YES;
				ONLY_ACTIVE_ARCH = YES;
				SDKROOT = iphoneos;
				SWIFT_ACTIVE_COMPILATION_CONDITIONS = DEBUG;
				SWIFT_OPTIMIZATION_LEVEL = "-Onone";
			};
			name = Debug;
		};
		CC73E9001D9D1AEE00C283D2 /* Release */ = {
			isa = XCBuildConfiguration;
			buildSettings = {
				ALWAYS_SEARCH_USER_PATHS = NO;
				CLANG_ANALYZER_NONNULL = YES;
				CLANG_CXX_LANGUAGE_STANDARD = "gnu++0x";
				CLANG_CXX_LIBRARY = "libc++";
				CLANG_ENABLE_MODULES = YES;
				CLANG_ENABLE_OBJC_ARC = YES;
				CLANG_WARN_BOOL_CONVERSION = YES;
				CLANG_WARN_CONSTANT_CONVERSION = YES;
				CLANG_WARN_DIRECT_OBJC_ISA_USAGE = YES_ERROR;
				CLANG_WARN_DOCUMENTATION_COMMENTS = YES;
				CLANG_WARN_EMPTY_BODY = YES;
				CLANG_WARN_ENUM_CONVERSION = YES;
				CLANG_WARN_INFINITE_RECURSION = YES;
				CLANG_WARN_INT_CONVERSION = YES;
				CLANG_WARN_OBJC_ROOT_CLASS = YES_ERROR;
				CLANG_WARN_SUSPICIOUS_MOVE = YES;
				CLANG_WARN_SUSPICIOUS_MOVES = YES;
				CLANG_WARN_UNREACHABLE_CODE = YES;
				CLANG_WARN__DUPLICATE_METHOD_MATCH = YES;
				"CODE_SIGN_IDENTITY[sdk=iphoneos*]" = "iPhone Developer";
				COPY_PHASE_STRIP = NO;
				DEBUG_INFORMATION_FORMAT = "dwarf-with-dsym";
				ENABLE_NS_ASSERTIONS = NO;
				ENABLE_STRICT_OBJC_MSGSEND = YES;
				GCC_C_LANGUAGE_STANDARD = gnu99;
				GCC_NO_COMMON_BLOCKS = YES;
				GCC_WARN_64_TO_32_BIT_CONVERSION = YES;
				GCC_WARN_ABOUT_RETURN_TYPE = YES_ERROR;
				GCC_WARN_UNDECLARED_SELECTOR = YES;
				GCC_WARN_UNINITIALIZED_AUTOS = YES_AGGRESSIVE;
				GCC_WARN_UNUSED_FUNCTION = YES;
				GCC_WARN_UNUSED_VARIABLE = YES;
				IPHONEOS_DEPLOYMENT_TARGET = 10.0;
				MTL_ENABLE_DEBUG_INFO = NO;
				SDKROOT = iphoneos;
				SWIFT_OPTIMIZATION_LEVEL = "-Owholemodule";
				VALIDATE_PRODUCT = YES;
			};
			name = Release;
		};
		CC73E9021D9D1AEE00C283D2 /* Debug */ = {
			isa = XCBuildConfiguration;
			baseConfigurationReference = A86C3A27C473C44792B9A788 /* Pods-ZJArmoire.debug.xcconfig */;
			buildSettings = {
				ALWAYS_EMBED_SWIFT_STANDARD_LIBRARIES = "$(inherited)";
				ASSETCATALOG_COMPILER_APPICON_NAME = AppIcon;
				CLANG_ENABLE_MODULES = YES;
				DEVELOPMENT_TEAM = EVS35XY3A5;
				INFOPLIST_FILE = ZJArmoire/Info.plist;
				IPHONEOS_DEPLOYMENT_TARGET = 9.0;
				LD_RUNPATH_SEARCH_PATHS = "$(inherited) @executable_path/Frameworks";
				PRODUCT_BUNDLE_IDENTIFIER = cn.iBlock.ZJArmoire;
				PRODUCT_NAME = "$(TARGET_NAME)";
				SWIFT_OBJC_BRIDGING_HEADER = "ZJArmoire/Classes/Application/ZJArmoire-Swift-Bridging-Header.h";
				SWIFT_OPTIMIZATION_LEVEL = "-Onone";
				SWIFT_VERSION = 3.0;
				USER_HEADER_SEARCH_PATHS = "\"$(SRCROOT)\"/**";
			};
			name = Debug;
		};
		CC73E9031D9D1AEE00C283D2 /* Release */ = {
			isa = XCBuildConfiguration;
			baseConfigurationReference = 2E9AD36B472132147CDB0DDC /* Pods-ZJArmoire.release.xcconfig */;
			buildSettings = {
				ALWAYS_EMBED_SWIFT_STANDARD_LIBRARIES = "$(inherited)";
				ASSETCATALOG_COMPILER_APPICON_NAME = AppIcon;
				CLANG_ENABLE_MODULES = YES;
				DEVELOPMENT_TEAM = EVS35XY3A5;
				INFOPLIST_FILE = ZJArmoire/Info.plist;
				IPHONEOS_DEPLOYMENT_TARGET = 9.0;
				LD_RUNPATH_SEARCH_PATHS = "$(inherited) @executable_path/Frameworks";
				PRODUCT_BUNDLE_IDENTIFIER = cn.iBlock.ZJArmoire;
				PRODUCT_NAME = "$(TARGET_NAME)";
				SWIFT_OBJC_BRIDGING_HEADER = "ZJArmoire/Classes/Application/ZJArmoire-Swift-Bridging-Header.h";
				SWIFT_VERSION = 3.0;
				USER_HEADER_SEARCH_PATHS = "\"$(SRCROOT)\"/**";
			};
			name = Release;
		};
		CC73E9051D9D1AEE00C283D2 /* Debug */ = {
			isa = XCBuildConfiguration;
			buildSettings = {
				ALWAYS_EMBED_SWIFT_STANDARD_LIBRARIES = YES;
				BUNDLE_LOADER = "$(TEST_HOST)";
				DEVELOPMENT_TEAM = EVS35XY3A5;
				INFOPLIST_FILE = ZJArmoireTests/Info.plist;
				LD_RUNPATH_SEARCH_PATHS = "$(inherited) @executable_path/Frameworks @loader_path/Frameworks";
				PRODUCT_BUNDLE_IDENTIFIER = "-8daojia.ZJArmoireTests";
				PRODUCT_NAME = "$(TARGET_NAME)";
				SWIFT_VERSION = 3.0;
				TEST_HOST = "$(BUILT_PRODUCTS_DIR)/ZJArmoire.app/ZJArmoire";
			};
			name = Debug;
		};
		CC73E9061D9D1AEE00C283D2 /* Release */ = {
			isa = XCBuildConfiguration;
			buildSettings = {
				ALWAYS_EMBED_SWIFT_STANDARD_LIBRARIES = YES;
				BUNDLE_LOADER = "$(TEST_HOST)";
				DEVELOPMENT_TEAM = EVS35XY3A5;
				INFOPLIST_FILE = ZJArmoireTests/Info.plist;
				LD_RUNPATH_SEARCH_PATHS = "$(inherited) @executable_path/Frameworks @loader_path/Frameworks";
				PRODUCT_BUNDLE_IDENTIFIER = "-8daojia.ZJArmoireTests";
				PRODUCT_NAME = "$(TARGET_NAME)";
				SWIFT_VERSION = 3.0;
				TEST_HOST = "$(BUILT_PRODUCTS_DIR)/ZJArmoire.app/ZJArmoire";
			};
			name = Release;
		};
/* End XCBuildConfiguration section */

/* Begin XCConfigurationList section */
		CC73E8DF1D9D1AEE00C283D2 /* Build configuration list for PBXProject "ZJArmoire" */ = {
			isa = XCConfigurationList;
			buildConfigurations = (
				CC73E8FF1D9D1AEE00C283D2 /* Debug */,
				CC73E9001D9D1AEE00C283D2 /* Release */,
			);
			defaultConfigurationIsVisible = 0;
			defaultConfigurationName = Release;
		};
		CC73E9011D9D1AEE00C283D2 /* Build configuration list for PBXNativeTarget "ZJArmoire" */ = {
			isa = XCConfigurationList;
			buildConfigurations = (
				CC73E9021D9D1AEE00C283D2 /* Debug */,
				CC73E9031D9D1AEE00C283D2 /* Release */,
			);
			defaultConfigurationIsVisible = 0;
			defaultConfigurationName = Release;
		};
		CC73E9041D9D1AEE00C283D2 /* Build configuration list for PBXNativeTarget "ZJArmoireTests" */ = {
			isa = XCConfigurationList;
			buildConfigurations = (
				CC73E9051D9D1AEE00C283D2 /* Debug */,
				CC73E9061D9D1AEE00C283D2 /* Release */,
			);
			defaultConfigurationIsVisible = 0;
			defaultConfigurationName = Release;
		};
/* End XCConfigurationList section */
	};
	rootObject = CC73E8DC1D9D1AEE00C283D2 /* Project object */;
}
