// !$*UTF8*$!
{
	archiveVersion = 1;
	classes = {
	};
	objectVersion = 46;
	objects = {

/* Begin PBXBuildFile section */
		37D68EEC1DB4901200EFC185 /* ZJAYiGuiCollectionView.swift in Sources */ = {isa = PBXBuildFile; fileRef = 37D68EEB1DB4901200EFC185 /* ZJAYiGuiCollectionView.swift */; };
		37D68EF51DB5F98A00EFC185 /* ZJACameraController.swift in Sources */ = {isa = PBXBuildFile; fileRef = 37D68EF41DB5F98A00EFC185 /* ZJACameraController.swift */; };
		37D68EF71DB611C100EFC185 /* ZJACameraActionView.swift in Sources */ = {isa = PBXBuildFile; fileRef = 37D68EF61DB611C100EFC185 /* ZJACameraActionView.swift */; };
		37D68EF91DB72FC800EFC185 /* ZJACameraEditController.swift in Sources */ = {isa = PBXBuildFile; fileRef = 37D68EF81DB72FC800EFC185 /* ZJACameraEditController.swift */; };
		37D68EFB1DB7301400EFC185 /* ZJACameraEditActionView.swift in Sources */ = {isa = PBXBuildFile; fileRef = 37D68EFA1DB7301400EFC185 /* ZJACameraEditActionView.swift */; };
		37D68EFE1DB796F000EFC185 /* ZJACameraManager.swift in Sources */ = {isa = PBXBuildFile; fileRef = 37D68EFD1DB796F000EFC185 /* ZJACameraManager.swift */; };
		3A609CB3A4FB262F8B273043 /* Pods_ZJArmoire.framework in Frameworks */ = {isa = PBXBuildFile; fileRef = B4011202FF407A2C6431B9F5 /* Pods_ZJArmoire.framework */; };
		CC26033B1DA4131B0090F916 /* HttpUtil.m in Sources */ = {isa = PBXBuildFile; fileRef = CC2603381DA4131B0090F916 /* HttpUtil.m */; };
		CC26033C1DA4131B0090F916 /* SignUtil.m in Sources */ = {isa = PBXBuildFile; fileRef = CC26033A1DA4131B0090F916 /* SignUtil.m */; };
		CC73E8F21D9D1AEE00C283D2 /* LaunchScreen.storyboard in Resources */ = {isa = PBXBuildFile; fileRef = CC73E8F01D9D1AEE00C283D2 /* LaunchScreen.storyboard */; };
		CC73E8FD1D9D1AEE00C283D2 /* ZJArmoireTests.swift in Sources */ = {isa = PBXBuildFile; fileRef = CC73E8FC1D9D1AEE00C283D2 /* ZJArmoireTests.swift */; };
		CCBFCCC91D9E0D2A00D80C78 /* AppDelegate.swift in Sources */ = {isa = PBXBuildFile; fileRef = CCBFCCC21D9E0D2A00D80C78 /* AppDelegate.swift */; };
		CCBFCCD11D9E102900D80C78 /* ZJATabBarViewController.swift in Sources */ = {isa = PBXBuildFile; fileRef = CCBFCCD01D9E102900D80C78 /* ZJATabBarViewController.swift */; };
		CCBFCCD31D9E130100D80C78 /* Config.swift in Sources */ = {isa = PBXBuildFile; fileRef = CCBFCCD21D9E130100D80C78 /* Config.swift */; };
		CCBFCCD51D9E143400D80C78 /* ZJANavigationController.swift in Sources */ = {isa = PBXBuildFile; fileRef = CCBFCCD41D9E143400D80C78 /* ZJANavigationController.swift */; };
		CCBFCCD71D9E15F100D80C78 /* ZJATabBar.swift in Sources */ = {isa = PBXBuildFile; fileRef = CCBFCCD61D9E15F100D80C78 /* ZJATabBar.swift */; };
		CCBFCCD91D9E297F00D80C78 /* ZJAHomeViewController.swift in Sources */ = {isa = PBXBuildFile; fileRef = CCBFCCD81D9E297F00D80C78 /* ZJAHomeViewController.swift */; };
		CCBFCCE01D9E33BD00D80C78 /* ZJAYiGuiViewController.swift in Sources */ = {isa = PBXBuildFile; fileRef = CCBFCCDF1D9E33BD00D80C78 /* ZJAYiGuiViewController.swift */; };
		CCBFCCE21DA37B5C00D80C78 /* UIColorExtension.swift in Sources */ = {isa = PBXBuildFile; fileRef = CCBFCCE11DA37B5C00D80C78 /* UIColorExtension.swift */; };
		CCBFCCEE1DA37F3300D80C78 /* ZJADaPeiController.swift in Sources */ = {isa = PBXBuildFile; fileRef = CCBFCCED1DA37F3300D80C78 /* ZJADaPeiController.swift */; };
		CCBFCCF01DA37F4B00D80C78 /* ZJAMineController.swift in Sources */ = {isa = PBXBuildFile; fileRef = CCBFCCEF1DA37F4B00D80C78 /* ZJAMineController.swift */; };
		CCBFCCF51DA3A53F00D80C78 /* UIViewExtension.swift in Sources */ = {isa = PBXBuildFile; fileRef = CCBFCCF41DA3A53F00D80C78 /* UIViewExtension.swift */; };
		CCBFCCF71DA3B18600D80C78 /* Assets.xcassets in Resources */ = {isa = PBXBuildFile; fileRef = CCBFCCF61DA3B18600D80C78 /* Assets.xcassets */; };
		CCC96DB61DB32F7C00465131 /* ZJAHomeTableHeaderView.swift in Sources */ = {isa = PBXBuildFile; fileRef = CCC96DB51DB32F7C00465131 /* ZJAHomeTableHeaderView.swift */; };
		CCC96DBA1DB338A300465131 /* ZJAHomeTableView.swift in Sources */ = {isa = PBXBuildFile; fileRef = CCC96DB91DB338A300465131 /* ZJAHomeTableView.swift */; };
		CCC96DBC1DB3BA3D00465131 /* ZJAHomeTuiJianCell.swift in Sources */ = {isa = PBXBuildFile; fileRef = CCC96DBB1DB3BA3D00465131 /* ZJAHomeTuiJianCell.swift */; };
		CCC96DBE1DB4943A00465131 /* ZJAYiGuiTypeCell.swift in Sources */ = {isa = PBXBuildFile; fileRef = CCC96DBD1DB4943A00465131 /* ZJAYiGuiTypeCell.swift */; };
/* End PBXBuildFile section */

/* Begin PBXContainerItemProxy section */
		CC73E8F91D9D1AEE00C283D2 /* PBXContainerItemProxy */ = {
			isa = PBXContainerItemProxy;
			containerPortal = CC73E8DC1D9D1AEE00C283D2 /* Project object */;
			proxyType = 1;
			remoteGlobalIDString = CC73E8E31D9D1AEE00C283D2;
			remoteInfo = ZJArmoire;
		};
/* End PBXContainerItemProxy section */

/* Begin PBXFileReference section */
		2E9AD36B472132147CDB0DDC /* Pods-ZJArmoire.release.xcconfig */ = {isa = PBXFileReference; includeInIndex = 1; lastKnownFileType = text.xcconfig; name = "Pods-ZJArmoire.release.xcconfig"; path = "Pods/Target Support Files/Pods-ZJArmoire/Pods-ZJArmoire.release.xcconfig"; sourceTree = "<group>"; };
		37D68EEB1DB4901200EFC185 /* ZJAYiGuiCollectionView.swift */ = {isa = PBXFileReference; fileEncoding = 4; lastKnownFileType = sourcecode.swift; path = ZJAYiGuiCollectionView.swift; sourceTree = "<group>"; };
		37D68EF41DB5F98A00EFC185 /* ZJACameraController.swift */ = {isa = PBXFileReference; fileEncoding = 4; lastKnownFileType = sourcecode.swift; path = ZJACameraController.swift; sourceTree = "<group>"; };
		37D68EF61DB611C100EFC185 /* ZJACameraActionView.swift */ = {isa = PBXFileReference; fileEncoding = 4; lastKnownFileType = sourcecode.swift; path = ZJACameraActionView.swift; sourceTree = "<group>"; };
		37D68EF81DB72FC800EFC185 /* ZJACameraEditController.swift */ = {isa = PBXFileReference; fileEncoding = 4; lastKnownFileType = sourcecode.swift; path = ZJACameraEditController.swift; sourceTree = "<group>"; };
		37D68EFA1DB7301400EFC185 /* ZJACameraEditActionView.swift */ = {isa = PBXFileReference; fileEncoding = 4; lastKnownFileType = sourcecode.swift; path = ZJACameraEditActionView.swift; sourceTree = "<group>"; };
		37D68EFD1DB796F000EFC185 /* ZJACameraManager.swift */ = {isa = PBXFileReference; fileEncoding = 4; lastKnownFileType = sourcecode.swift; path = ZJACameraManager.swift; sourceTree = "<group>"; };
		A86C3A27C473C44792B9A788 /* Pods-ZJArmoire.debug.xcconfig */ = {isa = PBXFileReference; includeInIndex = 1; lastKnownFileType = text.xcconfig; name = "Pods-ZJArmoire.debug.xcconfig"; path = "Pods/Target Support Files/Pods-ZJArmoire/Pods-ZJArmoire.debug.xcconfig"; sourceTree = "<group>"; };
		B4011202FF407A2C6431B9F5 /* Pods_ZJArmoire.framework */ = {isa = PBXFileReference; explicitFileType = wrapper.framework; includeInIndex = 0; path = Pods_ZJArmoire.framework; sourceTree = BUILT_PRODUCTS_DIR; };
		CC26032E1DA4131B0090F916 /* AppConfiguration.h */ = {isa = PBXFileReference; fileEncoding = 4; lastKnownFileType = sourcecode.c.h; path = AppConfiguration.h; sourceTree = "<group>"; };
		CC26032F1DA4131B0090F916 /* AppInclude.h */ = {isa = PBXFileReference; fileEncoding = 4; lastKnownFileType = sourcecode.c.h; path = AppInclude.h; sourceTree = "<group>"; };
		CC2603311DA4131B0090F916 /* Constants.h */ = {isa = PBXFileReference; fileEncoding = 4; lastKnownFileType = sourcecode.c.h; path = Constants.h; sourceTree = "<group>"; };
		CC2603321DA4131B0090F916 /* ContentType.h */ = {isa = PBXFileReference; fileEncoding = 4; lastKnownFileType = sourcecode.c.h; path = ContentType.h; sourceTree = "<group>"; };
		CC2603331DA4131B0090F916 /* HttpHeader.h */ = {isa = PBXFileReference; fileEncoding = 4; lastKnownFileType = sourcecode.c.h; path = HttpHeader.h; sourceTree = "<group>"; };
		CC2603341DA4131B0090F916 /* HttpMethod.h */ = {isa = PBXFileReference; fileEncoding = 4; lastKnownFileType = sourcecode.c.h; path = HttpMethod.h; sourceTree = "<group>"; };
		CC2603351DA4131B0090F916 /* HttpSchema.h */ = {isa = PBXFileReference; fileEncoding = 4; lastKnownFileType = sourcecode.c.h; path = HttpSchema.h; sourceTree = "<group>"; };
		CC2603361DA4131B0090F916 /* SystemHeader.h */ = {isa = PBXFileReference; fileEncoding = 4; lastKnownFileType = sourcecode.c.h; path = SystemHeader.h; sourceTree = "<group>"; };
		CC2603371DA4131B0090F916 /* HttpUtil.h */ = {isa = PBXFileReference; fileEncoding = 4; lastKnownFileType = sourcecode.c.h; path = HttpUtil.h; sourceTree = "<group>"; };
		CC2603381DA4131B0090F916 /* HttpUtil.m */ = {isa = PBXFileReference; fileEncoding = 4; lastKnownFileType = sourcecode.c.objc; path = HttpUtil.m; sourceTree = "<group>"; };
		CC2603391DA4131B0090F916 /* SignUtil.h */ = {isa = PBXFileReference; fileEncoding = 4; lastKnownFileType = sourcecode.c.h; path = SignUtil.h; sourceTree = "<group>"; };
		CC26033A1DA4131B0090F916 /* SignUtil.m */ = {isa = PBXFileReference; fileEncoding = 4; lastKnownFileType = sourcecode.c.objc; path = SignUtil.m; sourceTree = "<group>"; };
		CC2603401DA413A90090F916 /* ZJArmoire-Swift-Bridging-Header.h */ = {isa = PBXFileReference; lastKnownFileType = sourcecode.c.h; path = "ZJArmoire-Swift-Bridging-Header.h"; sourceTree = "<group>"; };
		CC73E8E41D9D1AEE00C283D2 /* ZJArmoire.app */ = {isa = PBXFileReference; explicitFileType = wrapper.application; includeInIndex = 0; path = ZJArmoire.app; sourceTree = BUILT_PRODUCTS_DIR; };
		CC73E8F11D9D1AEE00C283D2 /* Base */ = {isa = PBXFileReference; lastKnownFileType = file.storyboard; name = Base; path = Base.lproj/LaunchScreen.storyboard; sourceTree = "<group>"; };
		CC73E8F31D9D1AEE00C283D2 /* Info.plist */ = {isa = PBXFileReference; lastKnownFileType = text.plist.xml; path = Info.plist; sourceTree = "<group>"; };
		CC73E8F81D9D1AEE00C283D2 /* ZJArmoireTests.xctest */ = {isa = PBXFileReference; explicitFileType = wrapper.cfbundle; includeInIndex = 0; path = ZJArmoireTests.xctest; sourceTree = BUILT_PRODUCTS_DIR; };
		CC73E8FC1D9D1AEE00C283D2 /* ZJArmoireTests.swift */ = {isa = PBXFileReference; lastKnownFileType = sourcecode.swift; path = ZJArmoireTests.swift; sourceTree = "<group>"; };
		CC73E8FE1D9D1AEE00C283D2 /* Info.plist */ = {isa = PBXFileReference; lastKnownFileType = text.plist.xml; path = Info.plist; sourceTree = "<group>"; };
		CCBFCCC21D9E0D2A00D80C78 /* AppDelegate.swift */ = {isa = PBXFileReference; fileEncoding = 4; lastKnownFileType = sourcecode.swift; path = AppDelegate.swift; sourceTree = "<group>"; };
		CCBFCCD01D9E102900D80C78 /* ZJATabBarViewController.swift */ = {isa = PBXFileReference; fileEncoding = 4; lastKnownFileType = sourcecode.swift; path = ZJATabBarViewController.swift; sourceTree = "<group>"; };
		CCBFCCD21D9E130100D80C78 /* Config.swift */ = {isa = PBXFileReference; fileEncoding = 4; lastKnownFileType = sourcecode.swift; path = Config.swift; sourceTree = "<group>"; };
		CCBFCCD41D9E143400D80C78 /* ZJANavigationController.swift */ = {isa = PBXFileReference; fileEncoding = 4; lastKnownFileType = sourcecode.swift; path = ZJANavigationController.swift; sourceTree = "<group>"; };
		CCBFCCD61D9E15F100D80C78 /* ZJATabBar.swift */ = {isa = PBXFileReference; fileEncoding = 4; lastKnownFileType = sourcecode.swift; path = ZJATabBar.swift; sourceTree = "<group>"; };
		CCBFCCD81D9E297F00D80C78 /* ZJAHomeViewController.swift */ = {isa = PBXFileReference; fileEncoding = 4; lastKnownFileType = sourcecode.swift; path = ZJAHomeViewController.swift; sourceTree = "<group>"; };
		CCBFCCDF1D9E33BD00D80C78 /* ZJAYiGuiViewController.swift */ = {isa = PBXFileReference; fileEncoding = 4; lastKnownFileType = sourcecode.swift; path = ZJAYiGuiViewController.swift; sourceTree = "<group>"; };
		CCBFCCE11DA37B5C00D80C78 /* UIColorExtension.swift */ = {isa = PBXFileReference; fileEncoding = 4; lastKnownFileType = sourcecode.swift; path = UIColorExtension.swift; sourceTree = "<group>"; };
		CCBFCCED1DA37F3300D80C78 /* ZJADaPeiController.swift */ = {isa = PBXFileReference; fileEncoding = 4; lastKnownFileType = sourcecode.swift; path = ZJADaPeiController.swift; sourceTree = "<group>"; };
		CCBFCCEF1DA37F4B00D80C78 /* ZJAMineController.swift */ = {isa = PBXFileReference; fileEncoding = 4; lastKnownFileType = sourcecode.swift; path = ZJAMineController.swift; sourceTree = "<group>"; };
		CCBFCCF41DA3A53F00D80C78 /* UIViewExtension.swift */ = {isa = PBXFileReference; fileEncoding = 4; lastKnownFileType = sourcecode.swift; path = UIViewExtension.swift; sourceTree = "<group>"; };
		CCBFCCF61DA3B18600D80C78 /* Assets.xcassets */ = {isa = PBXFileReference; lastKnownFileType = folder.assetcatalog; path = Assets.xcassets; sourceTree = "<group>"; };
		CCC96DB51DB32F7C00465131 /* ZJAHomeTableHeaderView.swift */ = {isa = PBXFileReference; fileEncoding = 4; lastKnownFileType = sourcecode.swift; path = ZJAHomeTableHeaderView.swift; sourceTree = "<group>"; };
		CCC96DB91DB338A300465131 /* ZJAHomeTableView.swift */ = {isa = PBXFileReference; fileEncoding = 4; lastKnownFileType = sourcecode.swift; path = ZJAHomeTableView.swift; sourceTree = "<group>"; };
		CCC96DBB1DB3BA3D00465131 /* ZJAHomeTuiJianCell.swift */ = {isa = PBXFileReference; fileEncoding = 4; lastKnownFileType = sourcecode.swift; path = ZJAHomeTuiJianCell.swift; sourceTree = "<group>"; };
		CCC96DBD1DB4943A00465131 /* ZJAYiGuiTypeCell.swift */ = {isa = PBXFileReference; fileEncoding = 4; lastKnownFileType = sourcecode.swift; path = ZJAYiGuiTypeCell.swift; sourceTree = "<group>"; };
/* End PBXFileReference section */

/* Begin PBXFrameworksBuildPhase section */
		CC73E8E11D9D1AEE00C283D2 /* Frameworks */ = {
			isa = PBXFrameworksBuildPhase;
			buildActionMask = 2147483647;
			files = (
				3A609CB3A4FB262F8B273043 /* Pods_ZJArmoire.framework in Frameworks */,
			);
			runOnlyForDeploymentPostprocessing = 0;
		};
		CC73E8F51D9D1AEE00C283D2 /* Frameworks */ = {
			isa = PBXFrameworksBuildPhase;
			buildActionMask = 2147483647;
			files = (
			);
			runOnlyForDeploymentPostprocessing = 0;
		};
/* End PBXFrameworksBuildPhase section */

/* Begin PBXGroup section */
		1559762EA3DD572407F2FF61 /* Pods */ = {
			isa = PBXGroup;
			children = (
				A86C3A27C473C44792B9A788 /* Pods-ZJArmoire.debug.xcconfig */,
				2E9AD36B472132147CDB0DDC /* Pods-ZJArmoire.release.xcconfig */,
			);
			name = Pods;
			sourceTree = "<group>";
		};
		32D5C3DBA6FB64A650E59DAF /* Frameworks */ = {
			isa = PBXGroup;
			children = (
				B4011202FF407A2C6431B9F5 /* Pods_ZJArmoire.framework */,
			);
			name = Frameworks;
			sourceTree = "<group>";
		};
		37D68EE91DB48FEF00EFC185 /* ViewModel */ = {
			isa = PBXGroup;
			children = (
			);
			path = ViewModel;
			sourceTree = "<group>";
		};
		37D68EEA1DB48FF700EFC185 /* View */ = {
			isa = PBXGroup;
			children = (
				37D68EEB1DB4901200EFC185 /* ZJAYiGuiCollectionView.swift */,
				CCC96DBD1DB4943A00465131 /* ZJAYiGuiTypeCell.swift */,
			);
			path = View;
			sourceTree = "<group>";
		};
		37D68EED1DB5EF1D00EFC185 /* Add */ = {
			isa = PBXGroup;
			children = (
				37D68EEE1DB5EF1E00EFC185 /* Controller */,
				37D68EEF1DB5EF1E00EFC185 /* View */,
				37D68EF01DB5EF1E00EFC185 /* ViewModel */,
			);
			path = Add;
			sourceTree = "<group>";
		};
		37D68EEE1DB5EF1E00EFC185 /* Controller */ = {
			isa = PBXGroup;
			children = (
			);
			path = Controller;
			sourceTree = "<group>";
		};
		37D68EEF1DB5EF1E00EFC185 /* View */ = {
			isa = PBXGroup;
			children = (
			);
			path = View;
			sourceTree = "<group>";
		};
		37D68EF01DB5EF1E00EFC185 /* ViewModel */ = {
			isa = PBXGroup;
			children = (
			);
			path = ViewModel;
			sourceTree = "<group>";
		};
		37D68EF11DB5F7C000EFC185 /* Camera */ = {
			isa = PBXGroup;
			children = (
				37D68EFC1DB796BC00EFC185 /* ViewModel */,
				37D68EF21DB5F7C000EFC185 /* View */,
				37D68EF31DB5F7C000EFC185 /* ViewController */,
			);
			path = Camera;
			sourceTree = "<group>";
		};
		37D68EF21DB5F7C000EFC185 /* View */ = {
			isa = PBXGroup;
			children = (
				37D68EF61DB611C100EFC185 /* ZJACameraActionView.swift */,
				37D68EFA1DB7301400EFC185 /* ZJACameraEditActionView.swift */,
			);
			path = View;
			sourceTree = "<group>";
		};
		37D68EF31DB5F7C000EFC185 /* ViewController */ = {
			isa = PBXGroup;
			children = (
				37D68EF41DB5F98A00EFC185 /* ZJACameraController.swift */,
				37D68EF81DB72FC800EFC185 /* ZJACameraEditController.swift */,
			);
			path = ViewController;
			sourceTree = "<group>";
		};
		37D68EFC1DB796BC00EFC185 /* ViewModel */ = {
			isa = PBXGroup;
			children = (
				37D68EFD1DB796F000EFC185 /* ZJACameraManager.swift */,
			);
			path = ViewModel;
			sourceTree = "<group>";
		};
		CC26032D1DA4131B0090F916 /* WeatherSDK */ = {
			isa = PBXGroup;
			children = (
				CC26032E1DA4131B0090F916 /* AppConfiguration.h */,
				CC26032F1DA4131B0090F916 /* AppInclude.h */,
				CC2603301DA4131B0090F916 /* Constant */,
				CC2603371DA4131B0090F916 /* HttpUtil.h */,
				CC2603381DA4131B0090F916 /* HttpUtil.m */,
				CC2603391DA4131B0090F916 /* SignUtil.h */,
				CC26033A1DA4131B0090F916 /* SignUtil.m */,
			);
			path = WeatherSDK;
			sourceTree = "<group>";
		};
		CC2603301DA4131B0090F916 /* Constant */ = {
			isa = PBXGroup;
			children = (
				CC2603311DA4131B0090F916 /* Constants.h */,
				CC2603321DA4131B0090F916 /* ContentType.h */,
				CC2603331DA4131B0090F916 /* HttpHeader.h */,
				CC2603341DA4131B0090F916 /* HttpMethod.h */,
				CC2603351DA4131B0090F916 /* HttpSchema.h */,
				CC2603361DA4131B0090F916 /* SystemHeader.h */,
			);
			path = Constant;
			sourceTree = "<group>";
		};
		CC73E8DB1D9D1AEE00C283D2 = {
			isa = PBXGroup;
			children = (
				CC73E8E61D9D1AEE00C283D2 /* ZJArmoire */,
				CC73E8FB1D9D1AEE00C283D2 /* ZJArmoireTests */,
				CC73E8E51D9D1AEE00C283D2 /* Products */,
				1559762EA3DD572407F2FF61 /* Pods */,
				32D5C3DBA6FB64A650E59DAF /* Frameworks */,
			);
			sourceTree = "<group>";
		};
		CC73E8E51D9D1AEE00C283D2 /* Products */ = {
			isa = PBXGroup;
			children = (
				CC73E8E41D9D1AEE00C283D2 /* ZJArmoire.app */,
				CC73E8F81D9D1AEE00C283D2 /* ZJArmoireTests.xctest */,
			);
			name = Products;
			sourceTree = "<group>";
		};
		CC73E8E61D9D1AEE00C283D2 /* ZJArmoire */ = {
			isa = PBXGroup;
			children = (
				CCBFCCC01D9E0D2A00D80C78 /* Classes */,
				CC73E8F01D9D1AEE00C283D2 /* LaunchScreen.storyboard */,
				CCBFCCF61DA3B18600D80C78 /* Assets.xcassets */,
				CC73E8F31D9D1AEE00C283D2 /* Info.plist */,
			);
			path = ZJArmoire;
			sourceTree = "<group>";
		};
		CC73E8FB1D9D1AEE00C283D2 /* ZJArmoireTests */ = {
			isa = PBXGroup;
			children = (
				CC73E8FC1D9D1AEE00C283D2 /* ZJArmoireTests.swift */,
				CC73E8FE1D9D1AEE00C283D2 /* Info.plist */,
			);
			path = ZJArmoireTests;
			sourceTree = "<group>";
		};
		CCBFCCC01D9E0D2A00D80C78 /* Classes */ = {
			isa = PBXGroup;
			children = (
				CCBFCCC11D9E0D2A00D80C78 /* Application */,
				CCBFCCC31D9E0D2A00D80C78 /* Categories */,
				CCBFCCC41D9E0D2A00D80C78 /* Module */,
				CCBFCCC71D9E0D2A00D80C78 /* Utils */,
				CCBFCCC81D9E0D2A00D80C78 /* Vendor */,
			);
			path = Classes;
			sourceTree = "<group>";
		};
		CCBFCCC11D9E0D2A00D80C78 /* Application */ = {
			isa = PBXGroup;
			children = (
				CCBFCCC21D9E0D2A00D80C78 /* AppDelegate.swift */,
				CCBFCCD21D9E130100D80C78 /* Config.swift */,
				CC2603401DA413A90090F916 /* ZJArmoire-Swift-Bridging-Header.h */,
			);
			path = Application;
			sourceTree = "<group>";
		};
		CCBFCCC31D9E0D2A00D80C78 /* Categories */ = {
			isa = PBXGroup;
			children = (
				CCBFCCE11DA37B5C00D80C78 /* UIColorExtension.swift */,
				CCBFCCF41DA3A53F00D80C78 /* UIViewExtension.swift */,
			);
			path = Categories;
			sourceTree = "<group>";
		};
		CCBFCCC41D9E0D2A00D80C78 /* Module */ = {
			isa = PBXGroup;
			children = (
				37D68EF11DB5F7C000EFC185 /* Camera */,
				37D68EED1DB5EF1D00EFC185 /* Add */,
				CCBFCCE31DA37E5C00D80C78 /* DaPei */,
				CCBFCCE61DA37E5C00D80C78 /* Mine */,
				CCBFCCDA1D9E337700D80C78 /* YiGui */,
				CCBFCCC51D9E0D2A00D80C78 /* Home */,
				CCBFCCC61D9E0D2A00D80C78 /* Main */,
			);
			path = Module;
			sourceTree = "<group>";
		};
		CCBFCCC51D9E0D2A00D80C78 /* Home */ = {
			isa = PBXGroup;
			children = (
				CCBFCCCD1D9E0FE200D80C78 /* View */,
				CCBFCCCB1D9E0D6500D80C78 /* Controller */,
			);
			path = Home;
			sourceTree = "<group>";
		};
		CCBFCCC61D9E0D2A00D80C78 /* Main */ = {
			isa = PBXGroup;
			children = (
				CCBFCCCE1D9E100400D80C78 /* Controller */,
				CCBFCCCF1D9E100400D80C78 /* View */,
			);
			path = Main;
			sourceTree = "<group>";
		};
		CCBFCCC71D9E0D2A00D80C78 /* Utils */ = {
			isa = PBXGroup;
			children = (
			);
			path = Utils;
			sourceTree = "<group>";
		};
		CCBFCCC81D9E0D2A00D80C78 /* Vendor */ = {
			isa = PBXGroup;
			children = (
				CC26032D1DA4131B0090F916 /* WeatherSDK */,
			);
			path = Vendor;
			sourceTree = "<group>";
		};
		CCBFCCCB1D9E0D6500D80C78 /* Controller */ = {
			isa = PBXGroup;
			children = (
				CCBFCCD81D9E297F00D80C78 /* ZJAHomeViewController.swift */,
			);
			path = Controller;
			sourceTree = "<group>";
		};
		CCBFCCCD1D9E0FE200D80C78 /* View */ = {
			isa = PBXGroup;
			children = (
				CCC96DB51DB32F7C00465131 /* ZJAHomeTableHeaderView.swift */,
				CCC96DB91DB338A300465131 /* ZJAHomeTableView.swift */,
				CCC96DBB1DB3BA3D00465131 /* ZJAHomeTuiJianCell.swift */,
			);
			path = View;
			sourceTree = "<group>";
		};
		CCBFCCCE1D9E100400D80C78 /* Controller */ = {
			isa = PBXGroup;
			children = (
				CCBFCCD01D9E102900D80C78 /* ZJATabBarViewController.swift */,
				CCBFCCD41D9E143400D80C78 /* ZJANavigationController.swift */,
			);
			path = Controller;
			sourceTree = "<group>";
		};
		CCBFCCCF1D9E100400D80C78 /* View */ = {
			isa = PBXGroup;
			children = (
				CCBFCCD61D9E15F100D80C78 /* ZJATabBar.swift */,
			);
			path = View;
			sourceTree = "<group>";
		};
		CCBFCCDA1D9E337700D80C78 /* YiGui */ = {
			isa = PBXGroup;
			children = (
				37D68EEA1DB48FF700EFC185 /* View */,
				37D68EE91DB48FEF00EFC185 /* ViewModel */,
				CCBFCCDB1D9E339C00D80C78 /* Controller */,
			);
			path = YiGui;
			sourceTree = "<group>";
		};
		CCBFCCDB1D9E339C00D80C78 /* Controller */ = {
			isa = PBXGroup;
			children = (
				CCBFCCDF1D9E33BD00D80C78 /* ZJAYiGuiViewController.swift */,
			);
			path = Controller;
			sourceTree = "<group>";
		};
		CCBFCCE31DA37E5C00D80C78 /* DaPei */ = {
			isa = PBXGroup;
			children = (
				CCBFCCE41DA37E5C00D80C78 /* Controller */,
				CCBFCCE51DA37E5C00D80C78 /* View */,
			);
			path = DaPei;
			sourceTree = "<group>";
		};
		CCBFCCE41DA37E5C00D80C78 /* Controller */ = {
			isa = PBXGroup;
			children = (
				CCBFCCED1DA37F3300D80C78 /* ZJADaPeiController.swift */,
			);
			path = Controller;
			sourceTree = "<group>";
		};
		CCBFCCE51DA37E5C00D80C78 /* View */ = {
			isa = PBXGroup;
			children = (
			);
			path = View;
			sourceTree = "<group>";
		};
		CCBFCCE61DA37E5C00D80C78 /* Mine */ = {
			isa = PBXGroup;
			children = (
				CCBFCCE71DA37E5C00D80C78 /* Controller */,
				CCBFCCE81DA37E5C00D80C78 /* View */,
			);
			path = Mine;
			sourceTree = "<group>";
		};
		CCBFCCE71DA37E5C00D80C78 /* Controller */ = {
			isa = PBXGroup;
			children = (
				CCBFCCEF1DA37F4B00D80C78 /* ZJAMineController.swift */,
			);
			path = Controller;
			sourceTree = "<group>";
		};
		CCBFCCE81DA37E5C00D80C78 /* View */ = {
			isa = PBXGroup;
			children = (
			);
			path = View;
			sourceTree = "<group>";
		};
/* End PBXGroup section */

/* Begin PBXNativeTarget section */
		CC73E8E31D9D1AEE00C283D2 /* ZJArmoire */ = {
			isa = PBXNativeTarget;
			buildConfigurationList = CC73E9011D9D1AEE00C283D2 /* Build configuration list for PBXNativeTarget "ZJArmoire" */;
			buildPhases = (
				5B2313D6CEBF859B87CF1F74 /* [CP] Check Pods Manifest.lock */,
				CC73E8E01D9D1AEE00C283D2 /* Sources */,
				CC73E8E11D9D1AEE00C283D2 /* Frameworks */,
				CC73E8E21D9D1AEE00C283D2 /* Resources */,
				F8E1B5F28E49D913AD1D12D9 /* [CP] Embed Pods Frameworks */,
				F63D66FCA6CF74B6F9966DA2 /* [CP] Copy Pods Resources */,
			);
			buildRules = (
			);
			dependencies = (
			);
			name = ZJArmoire;
			productName = ZJArmoire;
			productReference = CC73E8E41D9D1AEE00C283D2 /* ZJArmoire.app */;
			productType = "com.apple.product-type.application";
		};
		CC73E8F71D9D1AEE00C283D2 /* ZJArmoireTests */ = {
			isa = PBXNativeTarget;
			buildConfigurationList = CC73E9041D9D1AEE00C283D2 /* Build configuration list for PBXNativeTarget "ZJArmoireTests" */;
			buildPhases = (
				CC73E8F41D9D1AEE00C283D2 /* Sources */,
				CC73E8F51D9D1AEE00C283D2 /* Frameworks */,
				CC73E8F61D9D1AEE00C283D2 /* Resources */,
			);
			buildRules = (
			);
			dependencies = (
				CC73E8FA1D9D1AEE00C283D2 /* PBXTargetDependency */,
			);
			name = ZJArmoireTests;
			productName = ZJArmoireTests;
			productReference = CC73E8F81D9D1AEE00C283D2 /* ZJArmoireTests.xctest */;
			productType = "com.apple.product-type.bundle.unit-test";
		};
/* End PBXNativeTarget section */

/* Begin PBXProject section */
		CC73E8DC1D9D1AEE00C283D2 /* Project object */ = {
			isa = PBXProject;
			attributes = {
				LastSwiftUpdateCheck = 0800;
				LastUpgradeCheck = 0800;
				ORGANIZATIONNAME = iBlock;
				TargetAttributes = {
					CC73E8E31D9D1AEE00C283D2 = {
						CreatedOnToolsVersion = 8.0;
						DevelopmentTeam = SYNJQ6CWNM;
						LastSwiftMigration = 0800;
						ProvisioningStyle = Automatic;
					};
					CC73E8F71D9D1AEE00C283D2 = {
						CreatedOnToolsVersion = 8.0;
						DevelopmentTeam = EVS35XY3A5;
						LastSwiftMigration = 0800;
						ProvisioningStyle = Automatic;
						TestTargetID = CC73E8E31D9D1AEE00C283D2;
					};
				};
			};
			buildConfigurationList = CC73E8DF1D9D1AEE00C283D2 /* Build configuration list for PBXProject "ZJArmoire" */;
			compatibilityVersion = "Xcode 3.2";
			developmentRegion = English;
			hasScannedForEncodings = 0;
			knownRegions = (
				en,
				Base,
			);
			mainGroup = CC73E8DB1D9D1AEE00C283D2;
			productRefGroup = CC73E8E51D9D1AEE00C283D2 /* Products */;
			projectDirPath = "";
			projectRoot = "";
			targets = (
				CC73E8E31D9D1AEE00C283D2 /* ZJArmoire */,
				CC73E8F71D9D1AEE00C283D2 /* ZJArmoireTests */,
			);
		};
/* End PBXProject section */

/* Begin PBXResourcesBuildPhase section */
		CC73E8E21D9D1AEE00C283D2 /* Resources */ = {
			isa = PBXResourcesBuildPhase;
			buildActionMask = 2147483647;
			files = (
				CCBFCCF71DA3B18600D80C78 /* Assets.xcassets in Resources */,
				CC73E8F21D9D1AEE00C283D2 /* LaunchScreen.storyboard in Resources */,
			);
			runOnlyForDeploymentPostprocessing = 0;
		};
		CC73E8F61D9D1AEE00C283D2 /* Resources */ = {
			isa = PBXResourcesBuildPhase;
			buildActionMask = 2147483647;
			files = (
			);
			runOnlyForDeploymentPostprocessing = 0;
		};
/* End PBXResourcesBuildPhase section */

/* Begin PBXShellScriptBuildPhase section */
		5B2313D6CEBF859B87CF1F74 /* [CP] Check Pods Manifest.lock */ = {
			isa = PBXShellScriptBuildPhase;
			buildActionMask = 2147483647;
			files = (
			);
			inputPaths = (
			);
			name = "[CP] Check Pods Manifest.lock";
			outputPaths = (
			);
			runOnlyForDeploymentPostprocessing = 0;
			shellPath = /bin/sh;
			shellScript = "diff \"${PODS_ROOT}/../Podfile.lock\" \"${PODS_ROOT}/Manifest.lock\" > /dev/null\nif [ $? != 0 ] ; then\n    # print error to STDERR\n    echo \"error: The sandbox is not in sync with the Podfile.lock. Run 'pod install' or update your CocoaPods installation.\" >&2\n    exit 1\nfi\n";
			showEnvVarsInLog = 0;
		};
		F63D66FCA6CF74B6F9966DA2 /* [CP] Copy Pods Resources */ = {
			isa = PBXShellScriptBuildPhase;
			buildActionMask = 2147483647;
			files = (
			);
			inputPaths = (
			);
			name = "[CP] Copy Pods Resources";
			outputPaths = (
			);
			runOnlyForDeploymentPostprocessing = 0;
			shellPath = /bin/sh;
			shellScript = "\"${SRCROOT}/Pods/Target Support Files/Pods-ZJArmoire/Pods-ZJArmoire-resources.sh\"\n";
			showEnvVarsInLog = 0;
		};
		F8E1B5F28E49D913AD1D12D9 /* [CP] Embed Pods Frameworks */ = {
			isa = PBXShellScriptBuildPhase;
			buildActionMask = 2147483647;
			files = (
			);
			inputPaths = (
			);
			name = "[CP] Embed Pods Frameworks";
			outputPaths = (
			);
			runOnlyForDeploymentPostprocessing = 0;
			shellPath = /bin/sh;
			shellScript = "\"${SRCROOT}/Pods/Target Support Files/Pods-ZJArmoire/Pods-ZJArmoire-frameworks.sh\"\n";
			showEnvVarsInLog = 0;
		};
/* End PBXShellScriptBuildPhase section */

/* Begin PBXSourcesBuildPhase section */
		CC73E8E01D9D1AEE00C283D2 /* Sources */ = {
			isa = PBXSourcesBuildPhase;
			buildActionMask = 2147483647;
			files = (
				CCBFCCD11D9E102900D80C78 /* ZJATabBarViewController.swift in Sources */,
				CCC96DB61DB32F7C00465131 /* ZJAHomeTableHeaderView.swift in Sources */,
				CCBFCCD51D9E143400D80C78 /* ZJANavigationController.swift in Sources */,
				CCC96DBE1DB4943A00465131 /* ZJAYiGuiTypeCell.swift in Sources */,
				CCBFCCF51DA3A53F00D80C78 /* UIViewExtension.swift in Sources */,
				37D68EFB1DB7301400EFC185 /* ZJACameraEditActionView.swift in Sources */,
				CCBFCCD71D9E15F100D80C78 /* ZJATabBar.swift in Sources */,
				37D68EFE1DB796F000EFC185 /* ZJACameraManager.swift in Sources */,
				CCC96DBC1DB3BA3D00465131 /* ZJAHomeTuiJianCell.swift in Sources */,
				CCBFCCE21DA37B5C00D80C78 /* UIColorExtension.swift in Sources */,
				CCBFCCF01DA37F4B00D80C78 /* ZJAMineController.swift in Sources */,
				CCBFCCC91D9E0D2A00D80C78 /* AppDelegate.swift in Sources */,
				CC26033B1DA4131B0090F916 /* HttpUtil.m in Sources */,
				37D68EF91DB72FC800EFC185 /* ZJACameraEditController.swift in Sources */,
				CCBFCCEE1DA37F3300D80C78 /* ZJADaPeiController.swift in Sources */,
				CCBFCCE01D9E33BD00D80C78 /* ZJAYiGuiViewController.swift in Sources */,
				CCC96DBA1DB338A300465131 /* ZJAHomeTableView.swift in Sources */,
				CCBFCCD31D9E130100D80C78 /* Config.swift in Sources */,
				CCBFCCD91D9E297F00D80C78 /* ZJAHomeViewController.swift in Sources */,
				37D68EF51DB5F98A00EFC185 /* ZJACameraController.swift in Sources */,
				CC26033C1DA4131B0090F916 /* SignUtil.m in Sources */,
				37D68EEC1DB4901200EFC185 /* ZJAYiGuiCollectionView.swift in Sources */,
				37D68EF71DB611C100EFC185 /* ZJACameraActionView.swift in Sources */,
			);
			runOnlyForDeploymentPostprocessing = 0;
		};
		CC73E8F41D9D1AEE00C283D2 /* Sources */ = {
			isa = PBXSourcesBuildPhase;
			buildActionMask = 2147483647;
			files = (
				CC73E8FD1D9D1AEE00C283D2 /* ZJArmoireTests.swift in Sources */,
			);
			runOnlyForDeploymentPostprocessing = 0;
		};
/* End PBXSourcesBuildPhase section */

/* Begin PBXTargetDependency section */
		CC73E8FA1D9D1AEE00C283D2 /* PBXTargetDependency */ = {
			isa = PBXTargetDependency;
			target = CC73E8E31D9D1AEE00C283D2 /* ZJArmoire */;
			targetProxy = CC73E8F91D9D1AEE00C283D2 /* PBXContainerItemProxy */;
		};
/* End PBXTargetDependency section */

/* Begin PBXVariantGroup section */
		CC73E8F01D9D1AEE00C283D2 /* LaunchScreen.storyboard */ = {
			isa = PBXVariantGroup;
			children = (
				CC73E8F11D9D1AEE00C283D2 /* Base */,
			);
			name = LaunchScreen.storyboard;
			sourceTree = "<group>";
		};
/* End PBXVariantGroup section */

/* Begin XCBuildConfiguration section */
		CC73E8FF1D9D1AEE00C283D2 /* Debug */ = {
			isa = XCBuildConfiguration;
			buildSettings = {
				ALWAYS_SEARCH_USER_PATHS = NO;
				CLANG_ANALYZER_NONNULL = YES;
				CLANG_CXX_LANGUAGE_STANDARD = "gnu++0x";
				CLANG_CXX_LIBRARY = "libc++";
				CLANG_ENABLE_MODULES = YES;
				CLANG_ENABLE_OBJC_ARC = YES;
				CLANG_WARN_BOOL_CONVERSION = YES;
				CLANG_WARN_CONSTANT_CONVERSION = YES;
				CLANG_WARN_DIRECT_OBJC_ISA_USAGE = YES_ERROR;
				CLANG_WARN_DOCUMENTATION_COMMENTS = YES;
				CLANG_WARN_EMPTY_BODY = YES;
				CLANG_WARN_ENUM_CONVERSION = YES;
				CLANG_WARN_INFINITE_RECURSION = YES;
				CLANG_WARN_INT_CONVERSION = YES;
				CLANG_WARN_OBJC_ROOT_CLASS = YES_ERROR;
				CLANG_WARN_SUSPICIOUS_MOVE = YES;
				CLANG_WARN_SUSPICIOUS_MOVES = YES;
				CLANG_WARN_UNREACHABLE_CODE = YES;
				CLANG_WARN__DUPLICATE_METHOD_MATCH = YES;
				"CODE_SIGN_IDENTITY[sdk=iphoneos*]" = "iPhone Developer";
				COPY_PHASE_STRIP = NO;
				DEBUG_INFORMATION_FORMAT = dwarf;
				ENABLE_STRICT_OBJC_MSGSEND = YES;
				ENABLE_TESTABILITY = YES;
				GCC_C_LANGUAGE_STANDARD = gnu99;
				GCC_DYNAMIC_NO_PIC = NO;
				GCC_NO_COMMON_BLOCKS = YES;
				GCC_OPTIMIZATION_LEVEL = 0;
				GCC_PREPROCESSOR_DEFINITIONS = (
					"DEBUG=1",
					"$(inherited)",
				);
				GCC_WARN_64_TO_32_BIT_CONVERSION = YES;
				GCC_WARN_ABOUT_RETURN_TYPE = YES_ERROR;
				GCC_WARN_UNDECLARED_SELECTOR = YES;
				GCC_WARN_UNINITIALIZED_AUTOS = YES_AGGRESSIVE;
				GCC_WARN_UNUSED_FUNCTION = YES;
				GCC_WARN_UNUSED_VARIABLE = YES;
				IPHONEOS_DEPLOYMENT_TARGET = 10.0;
				MTL_ENABLE_DEBUG_INFO = YES;
				ONLY_ACTIVE_ARCH = YES;
				SDKROOT = iphoneos;
				SWIFT_ACTIVE_COMPILATION_CONDITIONS = DEBUG;
				SWIFT_OPTIMIZATION_LEVEL = "-Onone";
			};
			name = Debug;
		};
		CC73E9001D9D1AEE00C283D2 /* Release */ = {
			isa = XCBuildConfiguration;
			buildSettings = {
				ALWAYS_SEARCH_USER_PATHS = NO;
				CLANG_ANALYZER_NONNULL = YES;
				CLANG_CXX_LANGUAGE_STANDARD = "gnu++0x";
				CLANG_CXX_LIBRARY = "libc++";
				CLANG_ENABLE_MODULES = YES;
				CLANG_ENABLE_OBJC_ARC = YES;
				CLANG_WARN_BOOL_CONVERSION = YES;
				CLANG_WARN_CONSTANT_CONVERSION = YES;
				CLANG_WARN_DIRECT_OBJC_ISA_USAGE = YES_ERROR;
				CLANG_WARN_DOCUMENTATION_COMMENTS = YES;
				CLANG_WARN_EMPTY_BODY = YES;
				CLANG_WARN_ENUM_CONVERSION = YES;
				CLANG_WARN_INFINITE_RECURSION = YES;
				CLANG_WARN_INT_CONVERSION = YES;
				CLANG_WARN_OBJC_ROOT_CLASS = YES_ERROR;
				CLANG_WARN_SUSPICIOUS_MOVE = YES;
				CLANG_WARN_SUSPICIOUS_MOVES = YES;
				CLANG_WARN_UNREACHABLE_CODE = YES;
				CLANG_WARN__DUPLICATE_METHOD_MATCH = YES;
				"CODE_SIGN_IDENTITY[sdk=iphoneos*]" = "iPhone Developer";
				COPY_PHASE_STRIP = NO;
				DEBUG_INFORMATION_FORMAT = "dwarf-with-dsym";
				ENABLE_NS_ASSERTIONS = NO;
				ENABLE_STRICT_OBJC_MSGSEND = YES;
				GCC_C_LANGUAGE_STANDARD = gnu99;
				GCC_NO_COMMON_BLOCKS = YES;
				GCC_WARN_64_TO_32_BIT_CONVERSION = YES;
				GCC_WARN_ABOUT_RETURN_TYPE = YES_ERROR;
				GCC_WARN_UNDECLARED_SELECTOR = YES;
				GCC_WARN_UNINITIALIZED_AUTOS = YES_AGGRESSIVE;
				GCC_WARN_UNUSED_FUNCTION = YES;
				GCC_WARN_UNUSED_VARIABLE = YES;
				IPHONEOS_DEPLOYMENT_TARGET = 10.0;
				MTL_ENABLE_DEBUG_INFO = NO;
				SDKROOT = iphoneos;
				SWIFT_OPTIMIZATION_LEVEL = "-Owholemodule";
				VALIDATE_PRODUCT = YES;
			};
			name = Release;
		};
		CC73E9021D9D1AEE00C283D2 /* Debug */ = {
			isa = XCBuildConfiguration;
			baseConfigurationReference = A86C3A27C473C44792B9A788 /* Pods-ZJArmoire.debug.xcconfig */;
			buildSettings = {
				ALWAYS_EMBED_SWIFT_STANDARD_LIBRARIES = YES;
				ASSETCATALOG_COMPILER_APPICON_NAME = AppIcon;
				CLANG_ENABLE_MODULES = YES;
				DEVELOPMENT_TEAM = SYNJQ6CWNM;
				INFOPLIST_FILE = ZJArmoire/Info.plist;
				IPHONEOS_DEPLOYMENT_TARGET = 9.0;
				LD_RUNPATH_SEARCH_PATHS = "$(inherited) @executable_path/Frameworks";
				PRODUCT_BUNDLE_IDENTIFIER = cn.iBlock.ZJArmoire;
				PRODUCT_NAME = "$(TARGET_NAME)";
				SWIFT_OBJC_BRIDGING_HEADER = "ZJArmoire/Classes/Application/ZJArmoire-Swift-Bridging-Header.h";
				SWIFT_OPTIMIZATION_LEVEL = "-Onone";
				SWIFT_VERSION = 3.0;
			};
			name = Debug;
		};
		CC73E9031D9D1AEE00C283D2 /* Release */ = {
			isa = XCBuildConfiguration;
			baseConfigurationReference = 2E9AD36B472132147CDB0DDC /* Pods-ZJArmoire.release.xcconfig */;
			buildSettings = {
				ALWAYS_EMBED_SWIFT_STANDARD_LIBRARIES = YES;
				ASSETCATALOG_COMPILER_APPICON_NAME = AppIcon;
				CLANG_ENABLE_MODULES = YES;
				DEVELOPMENT_TEAM = SYNJQ6CWNM;
				INFOPLIST_FILE = ZJArmoire/Info.plist;
				IPHONEOS_DEPLOYMENT_TARGET = 9.0;
				LD_RUNPATH_SEARCH_PATHS = "$(inherited) @executable_path/Frameworks";
				PRODUCT_BUNDLE_IDENTIFIER = cn.iBlock.ZJArmoire;
				PRODUCT_NAME = "$(TARGET_NAME)";
				SWIFT_OBJC_BRIDGING_HEADER = "ZJArmoire/Classes/Application/ZJArmoire-Swift-Bridging-Header.h";
				SWIFT_VERSION = 3.0;
			};
			name = Release;
		};
		CC73E9051D9D1AEE00C283D2 /* Debug */ = {
			isa = XCBuildConfiguration;
			buildSettings = {
				ALWAYS_EMBED_SWIFT_STANDARD_LIBRARIES = YES;
				BUNDLE_LOADER = "$(TEST_HOST)";
				DEVELOPMENT_TEAM = EVS35XY3A5;
				INFOPLIST_FILE = ZJArmoireTests/Info.plist;
				LD_RUNPATH_SEARCH_PATHS = "$(inherited) @executable_path/Frameworks @loader_path/Frameworks";
				PRODUCT_BUNDLE_IDENTIFIER = "-8daojia.ZJArmoireTests";
				PRODUCT_NAME = "$(TARGET_NAME)";
				SWIFT_VERSION = 3.0;
				TEST_HOST = "$(BUILT_PRODUCTS_DIR)/ZJArmoire.app/ZJArmoire";
			};
			name = Debug;
		};
		CC73E9061D9D1AEE00C283D2 /* Release */ = {
			isa = XCBuildConfiguration;
			buildSettings = {
				ALWAYS_EMBED_SWIFT_STANDARD_LIBRARIES = YES;
				BUNDLE_LOADER = "$(TEST_HOST)";
				DEVELOPMENT_TEAM = EVS35XY3A5;
				INFOPLIST_FILE = ZJArmoireTests/Info.plist;
				LD_RUNPATH_SEARCH_PATHS = "$(inherited) @executable_path/Frameworks @loader_path/Frameworks";
				PRODUCT_BUNDLE_IDENTIFIER = "-8daojia.ZJArmoireTests";
				PRODUCT_NAME = "$(TARGET_NAME)";
				SWIFT_VERSION = 3.0;
				TEST_HOST = "$(BUILT_PRODUCTS_DIR)/ZJArmoire.app/ZJArmoire";
			};
			name = Release;
		};
/* End XCBuildConfiguration section */

/* Begin XCConfigurationList section */
		CC73E8DF1D9D1AEE00C283D2 /* Build configuration list for PBXProject "ZJArmoire" */ = {
			isa = XCConfigurationList;
			buildConfigurations = (
				CC73E8FF1D9D1AEE00C283D2 /* Debug */,
				CC73E9001D9D1AEE00C283D2 /* Release */,
			);
			defaultConfigurationIsVisible = 0;
			defaultConfigurationName = Release;
		};
		CC73E9011D9D1AEE00C283D2 /* Build configuration list for PBXNativeTarget "ZJArmoire" */ = {
			isa = XCConfigurationList;
			buildConfigurations = (
				CC73E9021D9D1AEE00C283D2 /* Debug */,
				CC73E9031D9D1AEE00C283D2 /* Release */,
			);
			defaultConfigurationIsVisible = 0;
			defaultConfigurationName = Release;
		};
		CC73E9041D9D1AEE00C283D2 /* Build configuration list for PBXNativeTarget "ZJArmoireTests" */ = {
			isa = XCConfigurationList;
			buildConfigurations = (
				CC73E9051D9D1AEE00C283D2 /* Debug */,
				CC73E9061D9D1AEE00C283D2 /* Release */,
			);
			defaultConfigurationIsVisible = 0;
			defaultConfigurationName = Release;
		};
/* End XCConfigurationList section */
	};
	rootObject = CC73E8DC1D9D1AEE00C283D2 /* Project object */;
}
