// !$*UTF8*$!
{
	archiveVersion = 1;
	classes = {
	};
	objectVersion = 46;
	objects = {

/* Begin PBXBuildFile section */
		735966355E4463D2536DBA59 /* Pods_ZJArmoire.framework in Frameworks */ = {isa = PBXBuildFile; fileRef = 82D3786BFEA58AE82CD32A73 /* Pods_ZJArmoire.framework */; };
		CC73E8E81D9D1AEE00C283D2 /* AppDelegate.swift in Sources */ = {isa = PBXBuildFile; fileRef = CC73E8E71D9D1AEE00C283D2 /* AppDelegate.swift */; };
		CC73E8EA1D9D1AEE00C283D2 /* ViewController.swift in Sources */ = {isa = PBXBuildFile; fileRef = CC73E8E91D9D1AEE00C283D2 /* ViewController.swift */; };
		CC73E8ED1D9D1AEE00C283D2 /* Main.storyboard in Resources */ = {isa = PBXBuildFile; fileRef = CC73E8EB1D9D1AEE00C283D2 /* Main.storyboard */; };
		CC73E8EF1D9D1AEE00C283D2 /* Assets.xcassets in Resources */ = {isa = PBXBuildFile; fileRef = CC73E8EE1D9D1AEE00C283D2 /* Assets.xcassets */; };
		CC73E8F21D9D1AEE00C283D2 /* LaunchScreen.storyboard in Resources */ = {isa = PBXBuildFile; fileRef = CC73E8F01D9D1AEE00C283D2 /* LaunchScreen.storyboard */; };
		CC73E8FD1D9D1AEE00C283D2 /* ZJArmoireTests.swift in Sources */ = {isa = PBXBuildFile; fileRef = CC73E8FC1D9D1AEE00C283D2 /* ZJArmoireTests.swift */; };
/* End PBXBuildFile section */

/* Begin PBXContainerItemProxy section */
		CC73E8F91D9D1AEE00C283D2 /* PBXContainerItemProxy */ = {
			isa = PBXContainerItemProxy;
			containerPortal = CC73E8DC1D9D1AEE00C283D2 /* Project object */;
			proxyType = 1;
			remoteGlobalIDString = CC73E8E31D9D1AEE00C283D2;
			remoteInfo = ZJArmoire;
		};
/* End PBXContainerItemProxy section */

/* Begin PBXFileReference section */
		3F7E1769D8D89489386E5348 /* Pods-ZJArmoire.release.xcconfig */ = {isa = PBXFileReference; includeInIndex = 1; lastKnownFileType = text.xcconfig; name = "Pods-ZJArmoire.release.xcconfig"; path = "Pods/Target Support Files/Pods-ZJArmoire/Pods-ZJArmoire.release.xcconfig"; sourceTree = "<group>"; };
		82D3786BFEA58AE82CD32A73 /* Pods_ZJArmoire.framework */ = {isa = PBXFileReference; explicitFileType = wrapper.framework; includeInIndex = 0; path = Pods_ZJArmoire.framework; sourceTree = BUILT_PRODUCTS_DIR; };
		CC73E8E41D9D1AEE00C283D2 /* ZJArmoire.app */ = {isa = PBXFileReference; explicitFileType = wrapper.application; includeInIndex = 0; path = ZJArmoire.app; sourceTree = BUILT_PRODUCTS_DIR; };
		CC73E8E71D9D1AEE00C283D2 /* AppDelegate.swift */ = {isa = PBXFileReference; lastKnownFileType = sourcecode.swift; path = AppDelegate.swift; sourceTree = "<group>"; };
		CC73E8E91D9D1AEE00C283D2 /* ViewController.swift */ = {isa = PBXFileReference; lastKnownFileType = sourcecode.swift; path = ViewController.swift; sourceTree = "<group>"; };
		CC73E8EC1D9D1AEE00C283D2 /* Base */ = {isa = PBXFileReference; lastKnownFileType = file.storyboard; name = Base; path = Base.lproj/Main.storyboard; sourceTree = "<group>"; };
		CC73E8EE1D9D1AEE00C283D2 /* Assets.xcassets */ = {isa = PBXFileReference; lastKnownFileType = folder.assetcatalog; path = Assets.xcassets; sourceTree = "<group>"; };
		CC73E8F11D9D1AEE00C283D2 /* Base */ = {isa = PBXFileReference; lastKnownFileType = file.storyboard; name = Base; path = Base.lproj/LaunchScreen.storyboard; sourceTree = "<group>"; };
		CC73E8F31D9D1AEE00C283D2 /* Info.plist */ = {isa = PBXFileReference; lastKnownFileType = text.plist.xml; path = Info.plist; sourceTree = "<group>"; };
		CC73E8F81D9D1AEE00C283D2 /* ZJArmoireTests.xctest */ = {isa = PBXFileReference; explicitFileType = wrapper.cfbundle; includeInIndex = 0; path = ZJArmoireTests.xctest; sourceTree = BUILT_PRODUCTS_DIR; };
		CC73E8FC1D9D1AEE00C283D2 /* ZJArmoireTests.swift */ = {isa = PBXFileReference; lastKnownFileType = sourcecode.swift; path = ZJArmoireTests.swift; sourceTree = "<group>"; };
		CC73E8FE1D9D1AEE00C283D2 /* Info.plist */ = {isa = PBXFileReference; lastKnownFileType = text.plist.xml; path = Info.plist; sourceTree = "<group>"; };
		D0B3A26AB57145D43DC346C2 /* Pods-ZJArmoire.debug.xcconfig */ = {isa = PBXFileReference; includeInIndex = 1; lastKnownFileType = text.xcconfig; name = "Pods-ZJArmoire.debug.xcconfig"; path = "Pods/Target Support Files/Pods-ZJArmoire/Pods-ZJArmoire.debug.xcconfig"; sourceTree = "<group>"; };
/* End PBXFileReference section */

/* Begin PBXFrameworksBuildPhase section */
		CC73E8E11D9D1AEE00C283D2 /* Frameworks */ = {
			isa = PBXFrameworksBuildPhase;
			buildActionMask = 2147483647;
			files = (
				735966355E4463D2536DBA59 /* Pods_ZJArmoire.framework in Frameworks */,
			);
			runOnlyForDeploymentPostprocessing = 0;
		};
		CC73E8F51D9D1AEE00C283D2 /* Frameworks */ = {
			isa = PBXFrameworksBuildPhase;
			buildActionMask = 2147483647;
			files = (
			);
			runOnlyForDeploymentPostprocessing = 0;
		};
/* End PBXFrameworksBuildPhase section */

/* Begin PBXGroup section */
		0AC7823059A1CC43F602C626 /* Frameworks */ = {
			isa = PBXGroup;
			children = (
				82D3786BFEA58AE82CD32A73 /* Pods_ZJArmoire.framework */,
			);
			name = Frameworks;
			sourceTree = "<group>";
		};
		CC73E8DB1D9D1AEE00C283D2 = {
			isa = PBXGroup;
			children = (
				CC73E8E61D9D1AEE00C283D2 /* ZJArmoire */,
				CC73E8FB1D9D1AEE00C283D2 /* ZJArmoireTests */,
				CC73E8E51D9D1AEE00C283D2 /* Products */,
				EAB1D098F5965AF14AE8C8BF /* Pods */,
				0AC7823059A1CC43F602C626 /* Frameworks */,
			);
			sourceTree = "<group>";
		};
		CC73E8E51D9D1AEE00C283D2 /* Products */ = {
			isa = PBXGroup;
			children = (
				CC73E8E41D9D1AEE00C283D2 /* ZJArmoire.app */,
				CC73E8F81D9D1AEE00C283D2 /* ZJArmoireTests.xctest */,
			);
			name = Products;
			sourceTree = "<group>";
		};
		CC73E8E61D9D1AEE00C283D2 /* ZJArmoire */ = {
			isa = PBXGroup;
			children = (
				CC73E8E71D9D1AEE00C283D2 /* AppDelegate.swift */,
				CC73E8E91D9D1AEE00C283D2 /* ViewController.swift */,
				CC73E8EB1D9D1AEE00C283D2 /* Main.storyboard */,
				CC73E8EE1D9D1AEE00C283D2 /* Assets.xcassets */,
				CC73E8F01D9D1AEE00C283D2 /* LaunchScreen.storyboard */,
				CC73E8F31D9D1AEE00C283D2 /* Info.plist */,
			);
			path = ZJArmoire;
			sourceTree = "<group>";
		};
		CC73E8FB1D9D1AEE00C283D2 /* ZJArmoireTests */ = {
			isa = PBXGroup;
			children = (
				CC73E8FC1D9D1AEE00C283D2 /* ZJArmoireTests.swift */,
				CC73E8FE1D9D1AEE00C283D2 /* Info.plist */,
			);
			path = ZJArmoireTests;
			sourceTree = "<group>";
		};
		EAB1D098F5965AF14AE8C8BF /* Pods */ = {
			isa = PBXGroup;
			children = (
				D0B3A26AB57145D43DC346C2 /* Pods-ZJArmoire.debug.xcconfig */,
				3F7E1769D8D89489386E5348 /* Pods-ZJArmoire.release.xcconfig */,
			);
			name = Pods;
			sourceTree = "<group>";
		};
/* End PBXGroup section */

/* Begin PBXNativeTarget section */
		CC73E8E31D9D1AEE00C283D2 /* ZJArmoire */ = {
			isa = PBXNativeTarget;
			buildConfigurationList = CC73E9011D9D1AEE00C283D2 /* Build configuration list for PBXNativeTarget "ZJArmoire" */;
			buildPhases = (
				5B2313D6CEBF859B87CF1F74 /* [CP] Check Pods Manifest.lock */,
				CC73E8E01D9D1AEE00C283D2 /* Sources */,
				CC73E8E11D9D1AEE00C283D2 /* Frameworks */,
				CC73E8E21D9D1AEE00C283D2 /* Resources */,
				F8E1B5F28E49D913AD1D12D9 /* [CP] Embed Pods Frameworks */,
				F63D66FCA6CF74B6F9966DA2 /* [CP] Copy Pods Resources */,
			);
			buildRules = (
			);
			dependencies = (
			);
			name = ZJArmoire;
			productName = ZJArmoire;
			productReference = CC73E8E41D9D1AEE00C283D2 /* ZJArmoire.app */;
			productType = "com.apple.product-type.application";
		};
		CC73E8F71D9D1AEE00C283D2 /* ZJArmoireTests */ = {
			isa = PBXNativeTarget;
			buildConfigurationList = CC73E9041D9D1AEE00C283D2 /* Build configuration list for PBXNativeTarget "ZJArmoireTests" */;
			buildPhases = (
				CC73E8F41D9D1AEE00C283D2 /* Sources */,
				CC73E8F51D9D1AEE00C283D2 /* Frameworks */,
				CC73E8F61D9D1AEE00C283D2 /* Resources */,
			);
			buildRules = (
			);
			dependencies = (
				CC73E8FA1D9D1AEE00C283D2 /* PBXTargetDependency */,
			);
			name = ZJArmoireTests;
			productName = ZJArmoireTests;
			productReference = CC73E8F81D9D1AEE00C283D2 /* ZJArmoireTests.xctest */;
			productType = "com.apple.product-type.bundle.unit-test";
		};
/* End PBXNativeTarget section */

/* Begin PBXProject section */
		CC73E8DC1D9D1AEE00C283D2 /* Project object */ = {
			isa = PBXProject;
			attributes = {
				LastSwiftUpdateCheck = 0800;
				LastUpgradeCheck = 0800;
				ORGANIZATIONNAME = iBlock;
				TargetAttributes = {
					CC73E8E31D9D1AEE00C283D2 = {
						CreatedOnToolsVersion = 8.0;
						DevelopmentTeam = EVS35XY3A5;
						LastSwiftMigration = 0800;
						ProvisioningStyle = Automatic;
					};
					CC73E8F71D9D1AEE00C283D2 = {
						CreatedOnToolsVersion = 8.0;
						DevelopmentTeam = EVS35XY3A5;
						LastSwiftMigration = 0800;
						ProvisioningStyle = Automatic;
						TestTargetID = CC73E8E31D9D1AEE00C283D2;
					};
				};
			};
			buildConfigurationList = CC73E8DF1D9D1AEE00C283D2 /* Build configuration list for PBXProject "ZJArmoire" */;
			compatibilityVersion = "Xcode 3.2";
			developmentRegion = English;
			hasScannedForEncodings = 0;
			knownRegions = (
				en,
				Base,
			);
			mainGroup = CC73E8DB1D9D1AEE00C283D2;
			productRefGroup = CC73E8E51D9D1AEE00C283D2 /* Products */;
			projectDirPath = "";
			projectRoot = "";
			targets = (
				CC73E8E31D9D1AEE00C283D2 /* ZJArmoire */,
				CC73E8F71D9D1AEE00C283D2 /* ZJArmoireTests */,
			);
		};
/* End PBXProject section */

/* Begin PBXResourcesBuildPhase section */
		CC73E8E21D9D1AEE00C283D2 /* Resources */ = {
			isa = PBXResourcesBuildPhase;
			buildActionMask = 2147483647;
			files = (
				CC73E8F21D9D1AEE00C283D2 /* LaunchScreen.storyboard in Resources */,
				CC73E8EF1D9D1AEE00C283D2 /* Assets.xcassets in Resources */,
				CC73E8ED1D9D1AEE00C283D2 /* Main.storyboard in Resources */,
			);
			runOnlyForDeploymentPostprocessing = 0;
		};
		CC73E8F61D9D1AEE00C283D2 /* Resources */ = {
			isa = PBXResourcesBuildPhase;
			buildActionMask = 2147483647;
			files = (
			);
			runOnlyForDeploymentPostprocessing = 0;
		};
/* End PBXResourcesBuildPhase section */

/* Begin PBXShellScriptBuildPhase section */
		5B2313D6CEBF859B87CF1F74 /* [CP] Check Pods Manifest.lock */ = {
			isa = PBXShellScriptBuildPhase;
			buildActionMask = 2147483647;
			files = (
			);
			inputPaths = (
			);
			name = "[CP] Check Pods Manifest.lock";
			outputPaths = (
			);
			runOnlyForDeploymentPostprocessing = 0;
			shellPath = /bin/sh;
			shellScript = "diff \"${PODS_ROOT}/../Podfile.lock\" \"${PODS_ROOT}/Manifest.lock\" > /dev/null\nif [ $? != 0 ] ; then\n    # print error to STDERR\n    echo \"error: The sandbox is not in sync with the Podfile.lock. Run 'pod install' or update your CocoaPods installation.\" >&2\n    exit 1\nfi\n";
			showEnvVarsInLog = 0;
		};
		F63D66FCA6CF74B6F9966DA2 /* [CP] Copy Pods Resources */ = {
			isa = PBXShellScriptBuildPhase;
			buildActionMask = 2147483647;
			files = (
			);
			inputPaths = (
			);
			name = "[CP] Copy Pods Resources";
			outputPaths = (
			);
			runOnlyForDeploymentPostprocessing = 0;
			shellPath = /bin/sh;
			shellScript = "\"${SRCROOT}/Pods/Target Support Files/Pods-ZJArmoire/Pods-ZJArmoire-resources.sh\"\n";
			showEnvVarsInLog = 0;
		};
		F8E1B5F28E49D913AD1D12D9 /* [CP] Embed Pods Frameworks */ = {
			isa = PBXShellScriptBuildPhase;
			buildActionMask = 2147483647;
			files = (
			);
			inputPaths = (
			);
			name = "[CP] Embed Pods Frameworks";
			outputPaths = (
			);
			runOnlyForDeploymentPostprocessing = 0;
			shellPath = /bin/sh;
			shellScript = "\"${SRCROOT}/Pods/Target Support Files/Pods-ZJArmoire/Pods-ZJArmoire-frameworks.sh\"\n";
			showEnvVarsInLog = 0;
		};
/* End PBXShellScriptBuildPhase section */

/* Begin PBXSourcesBuildPhase section */
		CC73E8E01D9D1AEE00C283D2 /* Sources */ = {
			isa = PBXSourcesBuildPhase;
			buildActionMask = 2147483647;
			files = (
				CC73E8EA1D9D1AEE00C283D2 /* ViewController.swift in Sources */,
				CC73E8E81D9D1AEE00C283D2 /* AppDelegate.swift in Sources */,
			);
			runOnlyForDeploymentPostprocessing = 0;
		};
		CC73E8F41D9D1AEE00C283D2 /* Sources */ = {
			isa = PBXSourcesBuildPhase;
			buildActionMask = 2147483647;
			files = (
				CC73E8FD1D9D1AEE00C283D2 /* ZJArmoireTests.swift in Sources */,
			);
			runOnlyForDeploymentPostprocessing = 0;
		};
/* End PBXSourcesBuildPhase section */

/* Begin PBXTargetDependency section */
		CC73E8FA1D9D1AEE00C283D2 /* PBXTargetDependency */ = {
			isa = PBXTargetDependency;
			target = CC73E8E31D9D1AEE00C283D2 /* ZJArmoire */;
			targetProxy = CC73E8F91D9D1AEE00C283D2 /* PBXContainerItemProxy */;
		};
/* End PBXTargetDependency section */

/* Begin PBXVariantGroup section */
		CC73E8EB1D9D1AEE00C283D2 /* Main.storyboard */ = {
			isa = PBXVariantGroup;
			children = (
				CC73E8EC1D9D1AEE00C283D2 /* Base */,
			);
			name = Main.storyboard;
			sourceTree = "<group>";
		};
		CC73E8F01D9D1AEE00C283D2 /* LaunchScreen.storyboard */ = {
			isa = PBXVariantGroup;
			children = (
				CC73E8F11D9D1AEE00C283D2 /* Base */,
			);
			name = LaunchScreen.storyboard;
			sourceTree = "<group>";
		};
/* End PBXVariantGroup section */

/* Begin XCBuildConfiguration section */
		CC73E8FF1D9D1AEE00C283D2 /* Debug */ = {
			isa = XCBuildConfiguration;
			buildSettings = {
				ALWAYS_SEARCH_USER_PATHS = NO;
				CLANG_ANALYZER_NONNULL = YES;
				CLANG_CXX_LANGUAGE_STANDARD = "gnu++0x";
				CLANG_CXX_LIBRARY = "libc++";
				CLANG_ENABLE_MODULES = YES;
				CLANG_ENABLE_OBJC_ARC = YES;
				CLANG_WARN_BOOL_CONVERSION = YES;
				CLANG_WARN_CONSTANT_CONVERSION = YES;
				CLANG_WARN_DIRECT_OBJC_ISA_USAGE = YES_ERROR;
				CLANG_WARN_DOCUMENTATION_COMMENTS = YES;
				CLANG_WARN_EMPTY_BODY = YES;
				CLANG_WARN_ENUM_CONVERSION = YES;
				CLANG_WARN_INFINITE_RECURSION = YES;
				CLANG_WARN_INT_CONVERSION = YES;
				CLANG_WARN_OBJC_ROOT_CLASS = YES_ERROR;
				CLANG_WARN_SUSPICIOUS_MOVES = YES;
				CLANG_WARN_UNREACHABLE_CODE = YES;
				CLANG_WARN__DUPLICATE_METHOD_MATCH = YES;
				"CODE_SIGN_IDENTITY[sdk=iphoneos*]" = "iPhone Developer";
				COPY_PHASE_STRIP = NO;
				DEBUG_INFORMATION_FORMAT = dwarf;
				ENABLE_STRICT_OBJC_MSGSEND = YES;
				ENABLE_TESTABILITY = YES;
				GCC_C_LANGUAGE_STANDARD = gnu99;
				GCC_DYNAMIC_NO_PIC = NO;
				GCC_NO_COMMON_BLOCKS = YES;
				GCC_OPTIMIZATION_LEVEL = 0;
				GCC_PREPROCESSOR_DEFINITIONS = (
					"DEBUG=1",
					"$(inherited)",
				);
				GCC_WARN_64_TO_32_BIT_CONVERSION = YES;
				GCC_WARN_ABOUT_RETURN_TYPE = YES_ERROR;
				GCC_WARN_UNDECLARED_SELECTOR = YES;
				GCC_WARN_UNINITIALIZED_AUTOS = YES_AGGRESSIVE;
				GCC_WARN_UNUSED_FUNCTION = YES;
				GCC_WARN_UNUSED_VARIABLE = YES;
				IPHONEOS_DEPLOYMENT_TARGET = 10.0;
				MTL_ENABLE_DEBUG_INFO = YES;
				ONLY_ACTIVE_ARCH = YES;
				SDKROOT = iphoneos;
				SWIFT_ACTIVE_COMPILATION_CONDITIONS = DEBUG;
				SWIFT_OPTIMIZATION_LEVEL = "-Onone";
			};
			name = Debug;
		};
		CC73E9001D9D1AEE00C283D2 /* Release */ = {
			isa = XCBuildConfiguration;
			buildSettings = {
				ALWAYS_SEARCH_USER_PATHS = NO;
				CLANG_ANALYZER_NONNULL = YES;
				CLANG_CXX_LANGUAGE_STANDARD = "gnu++0x";
				CLANG_CXX_LIBRARY = "libc++";
				CLANG_ENABLE_MODULES = YES;
				CLANG_ENABLE_OBJC_ARC = YES;
				CLANG_WARN_BOOL_CONVERSION = YES;
				CLANG_WARN_CONSTANT_CONVERSION = YES;
				CLANG_WARN_DIRECT_OBJC_ISA_USAGE = YES_ERROR;
				CLANG_WARN_DOCUMENTATION_COMMENTS = YES;
				CLANG_WARN_EMPTY_BODY = YES;
				CLANG_WARN_ENUM_CONVERSION = YES;
				CLANG_WARN_INFINITE_RECURSION = YES;
				CLANG_WARN_INT_CONVERSION = YES;
				CLANG_WARN_OBJC_ROOT_CLASS = YES_ERROR;
				CLANG_WARN_SUSPICIOUS_MOVES = YES;
				CLANG_WARN_UNREACHABLE_CODE = YES;
				CLANG_WARN__DUPLICATE_METHOD_MATCH = YES;
				"CODE_SIGN_IDENTITY[sdk=iphoneos*]" = "iPhone Developer";
				COPY_PHASE_STRIP = NO;
				DEBUG_INFORMATION_FORMAT = "dwarf-with-dsym";
				ENABLE_NS_ASSERTIONS = NO;
				ENABLE_STRICT_OBJC_MSGSEND = YES;
				GCC_C_LANGUAGE_STANDARD = gnu99;
				GCC_NO_COMMON_BLOCKS = YES;
				GCC_WARN_64_TO_32_BIT_CONVERSION = YES;
				GCC_WARN_ABOUT_RETURN_TYPE = YES_ERROR;
				GCC_WARN_UNDECLARED_SELECTOR = YES;
				GCC_WARN_UNINITIALIZED_AUTOS = YES_AGGRESSIVE;
				GCC_WARN_UNUSED_FUNCTION = YES;
				GCC_WARN_UNUSED_VARIABLE = YES;
				IPHONEOS_DEPLOYMENT_TARGET = 10.0;
				MTL_ENABLE_DEBUG_INFO = NO;
				SDKROOT = iphoneos;
				SWIFT_OPTIMIZATION_LEVEL = "-Owholemodule";
				VALIDATE_PRODUCT = YES;
			};
			name = Release;
		};
		CC73E9021D9D1AEE00C283D2 /* Debug */ = {
			isa = XCBuildConfiguration;
			baseConfigurationReference = D0B3A26AB57145D43DC346C2 /* Pods-ZJArmoire.debug.xcconfig */;
			buildSettings = {
				ASSETCATALOG_COMPILER_APPICON_NAME = AppIcon;
				DEVELOPMENT_TEAM = EVS35XY3A5;
				INFOPLIST_FILE = ZJArmoire/Info.plist;
				LD_RUNPATH_SEARCH_PATHS = "$(inherited) @executable_path/Frameworks";
				PRODUCT_BUNDLE_IDENTIFIER = "-8daojia.ZJArmoire";
				PRODUCT_NAME = "$(TARGET_NAME)";
				SWIFT_VERSION = 3.0;
			};
			name = Debug;
		};
		CC73E9031D9D1AEE00C283D2 /* Release */ = {
			isa = XCBuildConfiguration;
			baseConfigurationReference = 3F7E1769D8D89489386E5348 /* Pods-ZJArmoire.release.xcconfig */;
			buildSettings = {
				ASSETCATALOG_COMPILER_APPICON_NAME = AppIcon;
				DEVELOPMENT_TEAM = EVS35XY3A5;
				INFOPLIST_FILE = ZJArmoire/Info.plist;
				LD_RUNPATH_SEARCH_PATHS = "$(inherited) @executable_path/Frameworks";
				PRODUCT_BUNDLE_IDENTIFIER = "-8daojia.ZJArmoire";
				PRODUCT_NAME = "$(TARGET_NAME)";
				SWIFT_VERSION = 3.0;
			};
			name = Release;
		};
		CC73E9051D9D1AEE00C283D2 /* Debug */ = {
			isa = XCBuildConfiguration;
			buildSettings = {
				ALWAYS_EMBED_SWIFT_STANDARD_LIBRARIES = YES;
				BUNDLE_LOADER = "$(TEST_HOST)";
				DEVELOPMENT_TEAM = EVS35XY3A5;
				INFOPLIST_FILE = ZJArmoireTests/Info.plist;
				LD_RUNPATH_SEARCH_PATHS = "$(inherited) @executable_path/Frameworks @loader_path/Frameworks";
				PRODUCT_BUNDLE_IDENTIFIER = "-8daojia.ZJArmoireTests";
				PRODUCT_NAME = "$(TARGET_NAME)";
				SWIFT_VERSION = 3.0;
				TEST_HOST = "$(BUILT_PRODUCTS_DIR)/ZJArmoire.app/ZJArmoire";
			};
			name = Debug;
		};
		CC73E9061D9D1AEE00C283D2 /* Release */ = {
			isa = XCBuildConfiguration;
			buildSettings = {
				ALWAYS_EMBED_SWIFT_STANDARD_LIBRARIES = YES;
				BUNDLE_LOADER = "$(TEST_HOST)";
				DEVELOPMENT_TEAM = EVS35XY3A5;
				INFOPLIST_FILE = ZJArmoireTests/Info.plist;
				LD_RUNPATH_SEARCH_PATHS = "$(inherited) @executable_path/Frameworks @loader_path/Frameworks";
				PRODUCT_BUNDLE_IDENTIFIER = "-8daojia.ZJArmoireTests";
				PRODUCT_NAME = "$(TARGET_NAME)";
				SWIFT_VERSION = 3.0;
				TEST_HOST = "$(BUILT_PRODUCTS_DIR)/ZJArmoire.app/ZJArmoire";
			};
			name = Release;
		};
/* End XCBuildConfiguration section */

/* Begin XCConfigurationList section */
		CC73E8DF1D9D1AEE00C283D2 /* Build configuration list for PBXProject "ZJArmoire" */ = {
			isa = XCConfigurationList;
			buildConfigurations = (
				CC73E8FF1D9D1AEE00C283D2 /* Debug */,
				CC73E9001D9D1AEE00C283D2 /* Release */,
			);
			defaultConfigurationIsVisible = 0;
			defaultConfigurationName = Release;
		};
		CC73E9011D9D1AEE00C283D2 /* Build configuration list for PBXNativeTarget "ZJArmoire" */ = {
			isa = XCConfigurationList;
			buildConfigurations = (
				CC73E9021D9D1AEE00C283D2 /* Debug */,
				CC73E9031D9D1AEE00C283D2 /* Release */,
			);
			defaultConfigurationIsVisible = 0;
			defaultConfigurationName = Release;
		};
		CC73E9041D9D1AEE00C283D2 /* Build configuration list for PBXNativeTarget "ZJArmoireTests" */ = {
			isa = XCConfigurationList;
			buildConfigurations = (
				CC73E9051D9D1AEE00C283D2 /* Debug */,
				CC73E9061D9D1AEE00C283D2 /* Release */,
			);
			defaultConfigurationIsVisible = 0;
			defaultConfigurationName = Release;
		};
/* End XCConfigurationList section */
	};
	rootObject = CC73E8DC1D9D1AEE00C283D2 /* Project object */;
}
