PODS:
  - Alamofire (4.0.1)
  - DJDebug (1.0.0):
    - FLEX
    - InAppSettingsKit
    - JRSwizzle
  - FLEX (2.1.1)
  - InAppSettingsKit (2.8)
  - IQKeyboardManagerSwift (4.0.7)
  - JRSwizzle (1.0)
  - Kingfisher (3.1.3)
  - SnapKit (3.0.1)
  - UITableView+FDTemplateLayoutCell (1.4)

DEPENDENCIES:
  - Alamofire (= 4.0.1)
  - DJDebug (from `http://svn.djcorp.cn:8088/dianshangwuxian/trunk/mobile/jzt/ios/DJComponents/DJDebug`)
  - FLEX (= 2.1.1)
  - InAppSettingsKit (= 2.8)
  - IQKeyboardManagerSwift (= 4.0.7)
  - Kingfisher (= 3.1.3)
  - SnapKit (= 3.0.1)
  - UITableView+FDTemplateLayoutCell

EXTERNAL SOURCES:
  DJDebug:
    :svn: http://svn.djcorp.cn:8088/dianshangwuxian/trunk/mobile/jzt/ios/DJComponents/DJDebug

CHECKOUT OPTIONS:
  DJDebug:
    :revision: '352125'
    :svn: http://svn.djcorp.cn:8088/dianshangwuxian/trunk/mobile/jzt/ios/DJComponents/DJDebug

SPEC CHECKSUMS:
  Alamofire: 7682d43245de14874acd142ec137b144aa1dd335
  DJDebug: cbcb23faa2b471216b8549316bb873890305b34b
  FLEX: 27b768fcae23a313a1eb115076d429180ca9b472
  InAppSettingsKit: fe3e73f8f9530cdd6270065cd7df7b3773f557e6
  IQKeyboardManagerSwift: 58bbcf46b5cf9fd4ed625d28a60cb2fbae4ab0f4
  JRSwizzle: dd5ead5d913a0f29e7f558200165849f006bb1e3
  Kingfisher: 007f5851c18c81e7cc106c9cbac1bafea1cce5dc
  SnapKit: f818b8326d45b4e1c777d0ab27b5c0a3624bfdeb
  UITableView+FDTemplateLayoutCell: 234e1582bcc4e18461af91155123bb96538ed030

PODFILE CHECKSUM: ca3e30edeb6c2716ab9caa3d348b3d439c962283

COCOAPODS: 1.1.1
